# This file is generated by running "yarn install" inside your project.
# Manual changes might be lost - proceed with caution!

__metadata:
  version: 8
  cacheKey: 10c0

"@mysten/bcs@npm:0.7.4":
  version: 0.7.4
  resolution: "@mysten/bcs@npm:0.7.4"
  dependencies:
    bs58: "npm:^5.0.0"
  checksum: 10c0/b713844c5719973c4a945e348a8d9b55ca49a198a3fc6d2d96b9547d2914fb8ff2b988bee239f49444a8c97526c71149906ada08e5677aca4a8ebe2e83936206
  languageName: node
  linkType: hard

"@mysten/sui.js@npm:0.41.2":
  version: 0.41.2
  resolution: "@mysten/sui.js@npm:0.41.2"
  dependencies:
    "@mysten/bcs": "npm:0.7.4"
    "@noble/curves": "npm:^1.1.0"
    "@noble/hashes": "npm:^1.3.1"
    "@open-rpc/client-js": "npm:^1.8.1"
    "@scure/bip32": "npm:^1.3.1"
    "@scure/bip39": "npm:^1.2.1"
    "@suchipi/femver": "npm:^1.0.0"
    events: "npm:^3.3.0"
    superstruct: "npm:^1.0.3"
    tweetnacl: "npm:^1.0.3"
  checksum: 10c0/928537b108ef6542cc9dfd30533375cbbc0d6a05a2f468c1b048e6dee2eaf1684209e6389130a8924a41326a01d8e8ff820cb3f5f352badab8e30eda89245301
  languageName: node
  linkType: hard

"@mysten/wallet-standard@npm:^0.7.2":
  version: 0.7.2
  resolution: "@mysten/wallet-standard@npm:0.7.2"
  dependencies:
    "@mysten/sui.js": "npm:0.41.2"
    "@wallet-standard/core": "npm:1.0.3"
  checksum: 10c0/14a47beb827c0563cce457b7566ecab830217a7e93acc9f8de8e41642efb76bd25a53f6ed3eb87a0fe9b42587754c8d01e53c842bd2add810f29d88ba2947898
  languageName: node
  linkType: hard

"@noble/curves@npm:^1.1.0, @noble/curves@npm:~1.2.0":
  version: 1.2.0
  resolution: "@noble/curves@npm:1.2.0"
  dependencies:
    "@noble/hashes": "npm:1.3.2"
  checksum: 10c0/0bac7d1bbfb3c2286910b02598addd33243cb97c3f36f987ecc927a4be8d7d88e0fcb12b0f0ef8a044e7307d1844dd5c49bb724bfa0a79c8ec50ba60768c97f6
  languageName: node
  linkType: hard

"@noble/hashes@npm:1.3.2, @noble/hashes@npm:^1.3.1, @noble/hashes@npm:~1.3.2":
  version: 1.3.2
  resolution: "@noble/hashes@npm:1.3.2"
  checksum: 10c0/2482cce3bce6a596626f94ca296e21378e7a5d4c09597cbc46e65ffacc3d64c8df73111f2265444e36a3168208628258bbbaccba2ef24f65f58b2417638a20e7
  languageName: node
  linkType: hard

"@noble/hashes@npm:~1.3.0":
  version: 1.3.0
  resolution: "@noble/hashes@npm:1.3.0"
  checksum: 10c0/06d27f9e7dfbe379dbfb02073358aa2c25a6363acc3a2b09e074f0f47f630da1d5a81c731696faa9407594371b61a27c496076fdecc2f60fb1c6a24247a5dbef
  languageName: node
  linkType: hard

"@onekeyfe/cross-inpage-provider-core@file:../../core::locator=%40onekeyfe%2Fextension-bridge-injected%40file%3A..%2F..%2Fextension%2Fextension-bridge-injected%23..%2F..%2Fextension%2Fextension-bridge-injected%3A%3Ahash%3D2fc7fa%26locator%3D%2540onekeyfe%252Fonekey-sui-provider%2540workspace%253A.":
  version: 2.2.16
  resolution: "@onekeyfe/cross-inpage-provider-core@file:../../core#../../core::hash=2fa81d&locator=%40onekeyfe%2Fextension-bridge-injected%40file%3A..%2F..%2Fextension%2Fextension-bridge-injected%23..%2F..%2Fextension%2Fextension-bridge-injected%3A%3Ahash%3D2fc7fa%26locator%3D%2540onekeyfe%252Fonekey-sui-provider%2540workspace%253A."
  dependencies:
    "@onekeyfe/cross-inpage-provider-errors": "file:../errors"
    "@onekeyfe/cross-inpage-provider-events": "file:../events"
    "@onekeyfe/cross-inpage-provider-types": "file:../types"
    events: "npm:^3.3.0"
    lodash-es: "npm:^4.17.21"
    ms: "npm:^2.1.3"
  checksum: 10c0/fa56ea84b94e7266924375bf49f885b47dd3d2b47c75702d990a754555d811816e679732ca3a6c03cf1f46b24575216b9000d4cb2a552eac6c87bbb6d9fe6528
  languageName: node
  linkType: hard

"@onekeyfe/cross-inpage-provider-core@file:../../core::locator=%40onekeyfe%2Fonekey-sui-provider%40workspace%3A.":
  version: 2.2.16
  resolution: "@onekeyfe/cross-inpage-provider-core@file:../../core#../../core::hash=2fa81d&locator=%40onekeyfe%2Fonekey-sui-provider%40workspace%3A."
  dependencies:
    "@onekeyfe/cross-inpage-provider-errors": "file:../errors"
    "@onekeyfe/cross-inpage-provider-events": "file:../events"
    "@onekeyfe/cross-inpage-provider-types": "file:../types"
    events: "npm:^3.3.0"
    lodash-es: "npm:^4.17.21"
    ms: "npm:^2.1.3"
  checksum: 10c0/fa56ea84b94e7266924375bf49f885b47dd3d2b47c75702d990a754555d811816e679732ca3a6c03cf1f46b24575216b9000d4cb2a552eac6c87bbb6d9fe6528
  languageName: node
  linkType: hard

"@onekeyfe/cross-inpage-provider-errors@file:../../errors::locator=%40onekeyfe%2Fonekey-sui-provider%40workspace%3A.":
  version: 2.2.16
  resolution: "@onekeyfe/cross-inpage-provider-errors@file:../../errors#../../errors::hash=12172d&locator=%40onekeyfe%2Fonekey-sui-provider%40workspace%3A."
  dependencies:
    fast-safe-stringify: "npm:^2.0.6"
  checksum: 10c0/60c4c61baf12a81f6a493649af1636760770c337eb9188154301f0a77afe242ea9070a24d78a05b459012dc50286d7ea835509881fcb3a8a5ed78600d4b1464e
  languageName: node
  linkType: hard

"@onekeyfe/cross-inpage-provider-errors@file:../errors::locator=%40onekeyfe%2Fcross-inpage-provider-core%40file%3A..%2F..%2Fcore%23..%2F..%2Fcore%3A%3Ahash%3D2fa81d%26locator%3D%2540onekeyfe%252Fextension-bridge-injected%2540file%253A..%252F..%252Fextension%252Fextension-bridge-injected%2523..%252F..%252Fextension%252Fextension-bridge-injected%253A%253Ahash%253D2fc7fa%2526locator%253D%252540onekeyfe%25252Fonekey-sui-provider%252540workspace%25253A.":
  version: 2.2.16
  resolution: "@onekeyfe/cross-inpage-provider-errors@file:../errors#../errors::hash=12172d&locator=%40onekeyfe%2Fcross-inpage-provider-core%40file%3A..%2F..%2Fcore%23..%2F..%2Fcore%3A%3Ahash%3D2fa81d%26locator%3D%2540onekeyfe%252Fextension-bridge-injected%2540file%253A..%252F..%252Fextension%252Fextension-bridge-injected%2523..%252F..%252Fextension%252Fextension-bridge-injected%253A%253Ahash%253D2fc7fa%2526locator%253D%252540onekeyfe%25252Fonekey-sui-provider%252540workspace%25253A."
  dependencies:
    fast-safe-stringify: "npm:^2.0.6"
  checksum: 10c0/60c4c61baf12a81f6a493649af1636760770c337eb9188154301f0a77afe242ea9070a24d78a05b459012dc50286d7ea835509881fcb3a8a5ed78600d4b1464e
  languageName: node
  linkType: hard

"@onekeyfe/cross-inpage-provider-errors@file:../errors::locator=%40onekeyfe%2Fcross-inpage-provider-core%40file%3A..%2F..%2Fcore%23..%2F..%2Fcore%3A%3Ahash%3D2fa81d%26locator%3D%2540onekeyfe%252Fonekey-sui-provider%2540workspace%253A.":
  version: 2.2.16
  resolution: "@onekeyfe/cross-inpage-provider-errors@file:../errors#../errors::hash=12172d&locator=%40onekeyfe%2Fcross-inpage-provider-core%40file%3A..%2F..%2Fcore%23..%2F..%2Fcore%3A%3Ahash%3D2fa81d%26locator%3D%2540onekeyfe%252Fonekey-sui-provider%2540workspace%253A."
  dependencies:
    fast-safe-stringify: "npm:^2.0.6"
  checksum: 10c0/60c4c61baf12a81f6a493649af1636760770c337eb9188154301f0a77afe242ea9070a24d78a05b459012dc50286d7ea835509881fcb3a8a5ed78600d4b1464e
  languageName: node
  linkType: hard

"@onekeyfe/cross-inpage-provider-events@file:../events::locator=%40onekeyfe%2Fcross-inpage-provider-core%40file%3A..%2F..%2Fcore%23..%2F..%2Fcore%3A%3Ahash%3D2fa81d%26locator%3D%2540onekeyfe%252Fextension-bridge-injected%2540file%253A..%252F..%252Fextension%252Fextension-bridge-injected%2523..%252F..%252Fextension%252Fextension-bridge-injected%253A%253Ahash%253D2fc7fa%2526locator%253D%252540onekeyfe%25252Fonekey-sui-provider%252540workspace%25253A.":
  version: 2.2.16
  resolution: "@onekeyfe/cross-inpage-provider-events@file:../events#../events::hash=9d5c56&locator=%40onekeyfe%2Fcross-inpage-provider-core%40file%3A..%2F..%2Fcore%23..%2F..%2Fcore%3A%3Ahash%3D2fa81d%26locator%3D%2540onekeyfe%252Fextension-bridge-injected%2540file%253A..%252F..%252Fextension%252Fextension-bridge-injected%2523..%252F..%252Fextension%252Fextension-bridge-injected%253A%253Ahash%253D2fc7fa%2526locator%253D%252540onekeyfe%25252Fonekey-sui-provider%252540workspace%25253A."
  checksum: 10c0/60e5e8eea7aab33bd5de0557570f91534b6745b9a98cd514d94fe5f73e119ef1d582899670209654686ba2e4f0d4c6890d165f01cb1dc3886d8e5d93c5f9cc49
  languageName: node
  linkType: hard

"@onekeyfe/cross-inpage-provider-events@file:../events::locator=%40onekeyfe%2Fcross-inpage-provider-core%40file%3A..%2F..%2Fcore%23..%2F..%2Fcore%3A%3Ahash%3D2fa81d%26locator%3D%2540onekeyfe%252Fonekey-sui-provider%2540workspace%253A.":
  version: 2.2.16
  resolution: "@onekeyfe/cross-inpage-provider-events@file:../events#../events::hash=9d5c56&locator=%40onekeyfe%2Fcross-inpage-provider-core%40file%3A..%2F..%2Fcore%23..%2F..%2Fcore%3A%3Ahash%3D2fa81d%26locator%3D%2540onekeyfe%252Fonekey-sui-provider%2540workspace%253A."
  checksum: 10c0/60e5e8eea7aab33bd5de0557570f91534b6745b9a98cd514d94fe5f73e119ef1d582899670209654686ba2e4f0d4c6890d165f01cb1dc3886d8e5d93c5f9cc49
  languageName: node
  linkType: hard

"@onekeyfe/cross-inpage-provider-types@file:../../types::locator=%40onekeyfe%2Fextension-bridge-injected%40file%3A..%2F..%2Fextension%2Fextension-bridge-injected%23..%2F..%2Fextension%2Fextension-bridge-injected%3A%3Ahash%3D2fc7fa%26locator%3D%2540onekeyfe%252Fonekey-sui-provider%2540workspace%253A.":
  version: 2.2.16
  resolution: "@onekeyfe/cross-inpage-provider-types@file:../../types#../../types::hash=b64b30&locator=%40onekeyfe%2Fextension-bridge-injected%40file%3A..%2F..%2Fextension%2Fextension-bridge-injected%23..%2F..%2Fextension%2Fextension-bridge-injected%3A%3Ahash%3D2fc7fa%26locator%3D%2540onekeyfe%252Fonekey-sui-provider%2540workspace%253A."
  checksum: 10c0/716e36d6fc16f3b864416d85bc0cdad57e0c46bd84b722c2138cf69681eb4237856021cc7847c95ead69cdf1b4fcfd87dac014b2a4a6e008a84bb7a0f4c5d51a
  languageName: node
  linkType: hard

"@onekeyfe/cross-inpage-provider-types@file:../../types::locator=%40onekeyfe%2Fonekey-sui-provider%40workspace%3A.":
  version: 2.2.16
  resolution: "@onekeyfe/cross-inpage-provider-types@file:../../types#../../types::hash=b64b30&locator=%40onekeyfe%2Fonekey-sui-provider%40workspace%3A."
  checksum: 10c0/716e36d6fc16f3b864416d85bc0cdad57e0c46bd84b722c2138cf69681eb4237856021cc7847c95ead69cdf1b4fcfd87dac014b2a4a6e008a84bb7a0f4c5d51a
  languageName: node
  linkType: hard

"@onekeyfe/cross-inpage-provider-types@file:../types::locator=%40onekeyfe%2Fcross-inpage-provider-core%40file%3A..%2F..%2Fcore%23..%2F..%2Fcore%3A%3Ahash%3D2fa81d%26locator%3D%2540onekeyfe%252Fextension-bridge-injected%2540file%253A..%252F..%252Fextension%252Fextension-bridge-injected%2523..%252F..%252Fextension%252Fextension-bridge-injected%253A%253Ahash%253D2fc7fa%2526locator%253D%252540onekeyfe%25252Fonekey-sui-provider%252540workspace%25253A.":
  version: 2.2.16
  resolution: "@onekeyfe/cross-inpage-provider-types@file:../types#../types::hash=b64b30&locator=%40onekeyfe%2Fcross-inpage-provider-core%40file%3A..%2F..%2Fcore%23..%2F..%2Fcore%3A%3Ahash%3D2fa81d%26locator%3D%2540onekeyfe%252Fextension-bridge-injected%2540file%253A..%252F..%252Fextension%252Fextension-bridge-injected%2523..%252F..%252Fextension%252Fextension-bridge-injected%253A%253Ahash%253D2fc7fa%2526locator%253D%252540onekeyfe%25252Fonekey-sui-provider%252540workspace%25253A."
  checksum: 10c0/716e36d6fc16f3b864416d85bc0cdad57e0c46bd84b722c2138cf69681eb4237856021cc7847c95ead69cdf1b4fcfd87dac014b2a4a6e008a84bb7a0f4c5d51a
  languageName: node
  linkType: hard

"@onekeyfe/cross-inpage-provider-types@file:../types::locator=%40onekeyfe%2Fcross-inpage-provider-core%40file%3A..%2F..%2Fcore%23..%2F..%2Fcore%3A%3Ahash%3D2fa81d%26locator%3D%2540onekeyfe%252Fonekey-sui-provider%2540workspace%253A.":
  version: 2.2.16
  resolution: "@onekeyfe/cross-inpage-provider-types@file:../types#../types::hash=b64b30&locator=%40onekeyfe%2Fcross-inpage-provider-core%40file%3A..%2F..%2Fcore%23..%2F..%2Fcore%3A%3Ahash%3D2fa81d%26locator%3D%2540onekeyfe%252Fonekey-sui-provider%2540workspace%253A."
  checksum: 10c0/716e36d6fc16f3b864416d85bc0cdad57e0c46bd84b722c2138cf69681eb4237856021cc7847c95ead69cdf1b4fcfd87dac014b2a4a6e008a84bb7a0f4c5d51a
  languageName: node
  linkType: hard

"@onekeyfe/extension-bridge-injected@file:../../extension/extension-bridge-injected::locator=%40onekeyfe%2Fonekey-sui-provider%40workspace%3A.":
  version: 2.2.16
  resolution: "@onekeyfe/extension-bridge-injected@file:../../extension/extension-bridge-injected#../../extension/extension-bridge-injected::hash=2fc7fa&locator=%40onekeyfe%2Fonekey-sui-provider%40workspace%3A."
  dependencies:
    "@onekeyfe/cross-inpage-provider-core": "file:../../core"
    "@onekeyfe/cross-inpage-provider-types": "file:../../types"
  checksum: 10c0/8c5df088ec32ccae1c75d452399d2abff0035eebd42682faf1f9f55d2e0d3c145b3a73694d7473146f84d43f16a58eb74524704f2482b77be46830c2824402f5
  languageName: node
  linkType: hard

"@onekeyfe/onekey-sui-provider@workspace:.":
  version: 0.0.0-use.local
  resolution: "@onekeyfe/onekey-sui-provider@workspace:."
  dependencies:
    "@mysten/wallet-standard": "npm:^0.7.2"
    "@onekeyfe/cross-inpage-provider-core": "file:../../core"
    "@onekeyfe/cross-inpage-provider-errors": "file:../../errors"
    "@onekeyfe/cross-inpage-provider-types": "file:../../types"
    "@onekeyfe/extension-bridge-injected": "file:../../extension/extension-bridge-injected"
    eth-rpc-errors: "npm:^4.0.3"
    mitt: "npm:^3.0.0"
  languageName: unknown
  linkType: soft

"@open-rpc/client-js@npm:^1.8.1":
  version: 1.8.1
  resolution: "@open-rpc/client-js@npm:1.8.1"
  dependencies:
    isomorphic-fetch: "npm:^3.0.0"
    isomorphic-ws: "npm:^5.0.0"
    strict-event-emitter-types: "npm:^2.0.0"
    ws: "npm:^7.0.0"
  checksum: 10c0/6f1d788a8b4735870a8a8f939badc42806d5810c3a926d76e6e5e8ff3090ad74083b94cf4187dc390a045a6d1314b7aec2548a2e3949e5930e7c90983d732501
  languageName: node
  linkType: hard

"@scure/base@npm:~1.1.0":
  version: 1.1.1
  resolution: "@scure/base@npm:1.1.1"
  checksum: 10c0/97d200da8915ca18a4eceb73c23dda7fc3a4b8509f620c9b7756ee451d7c9ebbc828c6662f9ffa047806fbe41f37bf236c6ef75692690688b7659196cb2dc804
  languageName: node
  linkType: hard

"@scure/base@npm:~1.1.2":
  version: 1.1.3
  resolution: "@scure/base@npm:1.1.3"
  checksum: 10c0/4eb1d8b58da503ecdff743be36ae3562bbff724da82fb3401468d348659841ae4bb271aeae3a8cf6c4d06cd887dee3825ce6fdac2f699afc63838ae68c499baa
  languageName: node
  linkType: hard

"@scure/bip32@npm:^1.3.1":
  version: 1.3.2
  resolution: "@scure/bip32@npm:1.3.2"
  dependencies:
    "@noble/curves": "npm:~1.2.0"
    "@noble/hashes": "npm:~1.3.2"
    "@scure/base": "npm:~1.1.2"
  checksum: 10c0/2e9c1ce67f72b6c3329483f5fd39fb43ba6dcf732ed7ac63b80fa96341d2bc4cad1ea4c75bfeb91e801968c00df48b577b015fd4591f581e93f0d91178e630ca
  languageName: node
  linkType: hard

"@scure/bip39@npm:^1.2.1":
  version: 1.2.1
  resolution: "@scure/bip39@npm:1.2.1"
  dependencies:
    "@noble/hashes": "npm:~1.3.0"
    "@scure/base": "npm:~1.1.0"
  checksum: 10c0/fe951f69dd5a7cdcefbe865bce1b160d6b59ba19bd01d09f0718e54fce37a7d8be158b32f5455f0e9c426a7fbbede3e019bf0baa99bacc88ef26a76a07e115d4
  languageName: node
  linkType: hard

"@suchipi/femver@npm:^1.0.0":
  version: 1.0.0
  resolution: "@suchipi/femver@npm:1.0.0"
  checksum: 10c0/558c15aadeb1153c36e2c00581ba0e04b94ff9a294213e715f377151d66f6ab9704f10f6542230d5e71fdf402d62ee671556dba116ce0ce50876664581942750
  languageName: node
  linkType: hard

"@wallet-standard/app@npm:^1.0.1":
  version: 1.0.1
  resolution: "@wallet-standard/app@npm:1.0.1"
  dependencies:
    "@wallet-standard/base": "npm:^1.0.1"
  checksum: 10c0/4652babe9c7eb26791a13ec3c8f9700d52dd8cfb03a26906b8ad63de5962dca9d67bbab0e32ecc64beab7ea042dca8aa1bec81a50ae6aac4f1e9d2b6b74ce563
  languageName: node
  linkType: hard

"@wallet-standard/base@npm:^1.0.1":
  version: 1.0.1
  resolution: "@wallet-standard/base@npm:1.0.1"
  checksum: 10c0/16d38671219f7f931ee6823cbbd199948849fb1931cb8da26a5eab6545a9085a608ba22b7dccb8ac3075b7017df4eb3031b1162c72bbaac653a4f1afc0d1ad71
  languageName: node
  linkType: hard

"@wallet-standard/core@npm:1.0.3":
  version: 1.0.3
  resolution: "@wallet-standard/core@npm:1.0.3"
  dependencies:
    "@wallet-standard/app": "npm:^1.0.1"
    "@wallet-standard/base": "npm:^1.0.1"
    "@wallet-standard/features": "npm:^1.0.3"
    "@wallet-standard/wallet": "npm:^1.0.1"
  checksum: 10c0/4dc2e18d64861bc267e4033f2f28093d0da760c1af148fc78e7cd87cfe9e716811c587825c9ca434b3d0809a8bc2a8e3d0032a3ce5df568ac3f3ac5cf33db932
  languageName: node
  linkType: hard

"@wallet-standard/features@npm:^1.0.3":
  version: 1.0.3
  resolution: "@wallet-standard/features@npm:1.0.3"
  dependencies:
    "@wallet-standard/base": "npm:^1.0.1"
  checksum: 10c0/d243442da3e86c5610226a7fb67a71fe6b7737d771cbeafe5ffbac4b5c938925c4edc22751f5a910148fe9e18dcfcaee3327170e622d77fbce324f6feebfd63f
  languageName: node
  linkType: hard

"@wallet-standard/wallet@npm:^1.0.1":
  version: 1.0.1
  resolution: "@wallet-standard/wallet@npm:1.0.1"
  dependencies:
    "@wallet-standard/base": "npm:^1.0.1"
  checksum: 10c0/4aaecb40ef56a49918a9629a1bc7848ab0d642e2e53811c7369e63186d2f02487d0317d6f28a52c17ef26270e308c6fb86288ce3ec984645fb37929e1bc59b8c
  languageName: node
  linkType: hard

"base-x@npm:^4.0.0":
  version: 4.0.0
  resolution: "base-x@npm:4.0.0"
  checksum: 10c0/0cb47c94535144ab138f70bb5aa7e6e03049ead88615316b62457f110fc204f2c3baff5c64a1c1b33aeb068d79a68092c08a765c7ccfa133eee1e70e4c6eb903
  languageName: node
  linkType: hard

"bs58@npm:^5.0.0":
  version: 5.0.0
  resolution: "bs58@npm:5.0.0"
  dependencies:
    base-x: "npm:^4.0.0"
  checksum: 10c0/0d1b05630b11db48039421b5975cb2636ae0a42c62f770eec257b2e5c7d94cb5f015f440785f3ec50870a6e9b1132b35bd0a17c7223655b22229f24b2a3491d1
  languageName: node
  linkType: hard

"eth-rpc-errors@npm:^4.0.3":
  version: 4.0.3
  resolution: "eth-rpc-errors@npm:4.0.3"
  dependencies:
    fast-safe-stringify: "npm:^2.0.6"
  checksum: 10c0/332cbc5a957b62bb66ea01da2a467da65026df47e6516a286a969cad74d6002f2b481335510c93f12ca29c46ebc8354e39e2240769d86184f9b4c30832cf5466
  languageName: node
  linkType: hard

"events@npm:^3.3.0":
  version: 3.3.0
  resolution: "events@npm:3.3.0"
  checksum: 10c0/d6b6f2adbccbcda74ddbab52ed07db727ef52e31a61ed26db9feb7dc62af7fc8e060defa65e5f8af9449b86b52cc1a1f6a79f2eafcf4e62add2b7a1fa4a432f6
  languageName: node
  linkType: hard

"fast-safe-stringify@npm:^2.0.6":
  version: 2.1.1
  resolution: "fast-safe-stringify@npm:2.1.1"
  checksum: 10c0/d90ec1c963394919828872f21edaa3ad6f1dddd288d2bd4e977027afff09f5db40f94e39536d4646f7e01761d704d72d51dce5af1b93717f3489ef808f5f4e4d
  languageName: node
  linkType: hard

"isomorphic-fetch@npm:^3.0.0":
  version: 3.0.0
  resolution: "isomorphic-fetch@npm:3.0.0"
  dependencies:
    node-fetch: "npm:^2.6.1"
    whatwg-fetch: "npm:^3.4.1"
  checksum: 10c0/511b1135c6d18125a07de661091f5e7403b7640060355d2d704ce081e019bc1862da849482d079ce5e2559b8976d3de7709566063aec1b908369c0b98a2b075b
  languageName: node
  linkType: hard

"isomorphic-ws@npm:^5.0.0":
  version: 5.0.0
  resolution: "isomorphic-ws@npm:5.0.0"
  peerDependencies:
    ws: "*"
  checksum: 10c0/a058ac8b5e6efe9e46252cb0bc67fd325005d7216451d1a51238bc62d7da8486f828ef017df54ddf742e0fffcbe4b1bcc2a66cc115b027ed0180334cd18df252
  languageName: node
  linkType: hard

"lodash-es@npm:^4.17.21":
  version: 4.17.21
  resolution: "lodash-es@npm:4.17.21"
  checksum: 10c0/fb407355f7e6cd523a9383e76e6b455321f0f153a6c9625e21a8827d10c54c2a2341bd2ae8d034358b60e07325e1330c14c224ff582d04612a46a4f0479ff2f2
  languageName: node
  linkType: hard

"mitt@npm:^3.0.0":
  version: 3.0.0
  resolution: "mitt@npm:3.0.0"
  checksum: 10c0/c530c7747d5de7c9976c83d7c2450d9dfddbfed45f7e8b55e5e197be68dbed80e509a8aae97807ae6945dc79f3922d49b2813f3c08fd20cf8aa6a6a47e454a36
  languageName: node
  linkType: hard

"ms@npm:^2.1.3":
  version: 2.1.3
  resolution: "ms@npm:2.1.3"
  checksum: 10c0/d924b57e7312b3b63ad21fc5b3dc0af5e78d61a1fc7cfb5457edaf26326bf62be5307cc87ffb6862ef1c2b33b0233cdb5d4f01c4c958cc0d660948b65a287a48
  languageName: node
  linkType: hard

"node-fetch@npm:^2.6.1":
  version: 2.7.0
  resolution: "node-fetch@npm:2.7.0"
  dependencies:
    whatwg-url: "npm:^5.0.0"
  peerDependencies:
    encoding: ^0.1.0
  peerDependenciesMeta:
    encoding:
      optional: true
  checksum: 10c0/b55786b6028208e6fbe594ccccc213cab67a72899c9234eb59dba51062a299ea853210fcf526998eaa2867b0963ad72338824450905679ff0fa304b8c5093ae8
  languageName: node
  linkType: hard

"strict-event-emitter-types@npm:^2.0.0":
  version: 2.0.0
  resolution: "strict-event-emitter-types@npm:2.0.0"
  checksum: 10c0/7a2985b81908c2a7d1de10afe3be1de3423b8ce6188dc32aeb3dbaf66d4ac3f11029d6931c67d972a3bb976bbd04d27ee090eeed1cbd089c5ba3e899a04ed1b7
  languageName: node
  linkType: hard

"superstruct@npm:^1.0.3":
  version: 1.0.3
  resolution: "superstruct@npm:1.0.3"
  checksum: 10c0/45ed9c41016641161a2ed93723d2cf6efc6fb2552ebb747b8df94cb73a37acd95288baad42c2d51ffe77956caf5c5200cd22622e166c6951777acd2fb11a7da5
  languageName: node
  linkType: hard

"tr46@npm:~0.0.3":
  version: 0.0.3
  resolution: "tr46@npm:0.0.3"
  checksum: 10c0/047cb209a6b60c742f05c9d3ace8fa510bff609995c129a37ace03476a9b12db4dbf975e74600830ef0796e18882b2381fb5fb1f6b4f96b832c374de3ab91a11
  languageName: node
  linkType: hard

"tweetnacl@npm:^1.0.3":
  version: 1.0.3
  resolution: "tweetnacl@npm:1.0.3"
  checksum: 10c0/069d9df51e8ad4a89fbe6f9806c68e06c65be3c7d42f0701cc43dba5f0d6064686b238bbff206c5addef8854e3ce00c643bff59432ea2f2c639feab0ee1a93f9
  languageName: node
  linkType: hard

"webidl-conversions@npm:^3.0.0":
  version: 3.0.1
  resolution: "webidl-conversions@npm:3.0.1"
  checksum: 10c0/5612d5f3e54760a797052eb4927f0ddc01383550f542ccd33d5238cfd65aeed392a45ad38364970d0a0f4fea32e1f4d231b3d8dac4a3bdd385e5cf802ae097db
  languageName: node
  linkType: hard

"whatwg-fetch@npm:^3.4.1":
  version: 3.6.19
  resolution: "whatwg-fetch@npm:3.6.19"
  checksum: 10c0/01dd755492d594c8d71d47811bb3886cdb7d566684daff5ec658cf148fa2418de6b562a94ff8cceaf1cf277bfb99fa6b61258cc20de5053f5817a4d419b5d293
  languageName: node
  linkType: hard

"whatwg-url@npm:^5.0.0":
  version: 5.0.0
  resolution: "whatwg-url@npm:5.0.0"
  dependencies:
    tr46: "npm:~0.0.3"
    webidl-conversions: "npm:^3.0.0"
  checksum: 10c0/1588bed84d10b72d5eec1d0faa0722ba1962f1821e7539c535558fb5398d223b0c50d8acab950b8c488b4ba69043fd833cc2697056b167d8ad46fac3995a55d5
  languageName: node
  linkType: hard

"ws@npm:^7.0.0":
  version: 7.5.9
  resolution: "ws@npm:7.5.9"
  peerDependencies:
    bufferutil: ^4.0.1
    utf-8-validate: ^5.0.2
  peerDependenciesMeta:
    bufferutil:
      optional: true
    utf-8-validate:
      optional: true
  checksum: 10c0/aec4ef4eb65821a7dde7b44790f8699cfafb7978c9b080f6d7a98a7f8fc0ce674c027073a78574c94786ba7112cc90fa2cc94fc224ceba4d4b1030cff9662494
  languageName: node
  linkType: hard
