# This file is generated by running "yarn install" inside your project.
# Manual changes might be lost - proceed with caution!

__metadata:
  version: 8
  cacheKey: 10c0

"@onekeyfe/cross-inpage-provider-core@file:../../core::locator=%40onekeyfe%2Fextension-bridge-injected%40file%3A..%2F..%2Fextension%2Fextension-bridge-injected%23..%2F..%2Fextension%2Fextension-bridge-injected%3A%3Ahash%3D2fc7fa%26locator%3D%2540onekeyfe%252Fonekey-near-provider%2540workspace%253A.":
  version: 2.2.16
  resolution: "@onekeyfe/cross-inpage-provider-core@file:../../core#../../core::hash=f727c1&locator=%40onekeyfe%2Fextension-bridge-injected%40file%3A..%2F..%2Fextension%2Fextension-bridge-injected%23..%2F..%2Fextension%2Fextension-bridge-injected%3A%3Ahash%3D2fc7fa%26locator%3D%2540onekeyfe%252Fonekey-near-provider%2540workspace%253A."
  dependencies:
    "@onekeyfe/cross-inpage-provider-errors": "file:../errors"
    "@onekeyfe/cross-inpage-provider-events": "file:../events"
    "@onekeyfe/cross-inpage-provider-types": "file:../types"
    events: "npm:^3.3.0"
    lodash-es: "npm:^4.17.21"
    ms: "npm:^2.1.3"
  checksum: 10c0/26a2ef7497715254f715518b28f3a379617ffdf076f79ec2f8c804539ff722912bd49c0e7cd245c027ebb5dba66ae7238f801d914589169609a51f240504b525
  languageName: node
  linkType: hard

"@onekeyfe/cross-inpage-provider-core@file:../../core::locator=%40onekeyfe%2Fonekey-near-provider%40workspace%3A.":
  version: 2.2.16
  resolution: "@onekeyfe/cross-inpage-provider-core@file:../../core#../../core::hash=f727c1&locator=%40onekeyfe%2Fonekey-near-provider%40workspace%3A."
  dependencies:
    "@onekeyfe/cross-inpage-provider-errors": "file:../errors"
    "@onekeyfe/cross-inpage-provider-events": "file:../events"
    "@onekeyfe/cross-inpage-provider-types": "file:../types"
    events: "npm:^3.3.0"
    lodash-es: "npm:^4.17.21"
    ms: "npm:^2.1.3"
  checksum: 10c0/26a2ef7497715254f715518b28f3a379617ffdf076f79ec2f8c804539ff722912bd49c0e7cd245c027ebb5dba66ae7238f801d914589169609a51f240504b525
  languageName: node
  linkType: hard

"@onekeyfe/cross-inpage-provider-errors@file:../../errors::locator=%40onekeyfe%2Fonekey-near-provider%40workspace%3A.":
  version: 2.2.16
  resolution: "@onekeyfe/cross-inpage-provider-errors@file:../../errors#../../errors::hash=12172d&locator=%40onekeyfe%2Fonekey-near-provider%40workspace%3A."
  dependencies:
    fast-safe-stringify: "npm:^2.0.6"
  checksum: 10c0/60c4c61baf12a81f6a493649af1636760770c337eb9188154301f0a77afe242ea9070a24d78a05b459012dc50286d7ea835509881fcb3a8a5ed78600d4b1464e
  languageName: node
  linkType: hard

"@onekeyfe/cross-inpage-provider-errors@file:../errors::locator=%40onekeyfe%2Fcross-inpage-provider-core%40file%3A..%2F..%2Fcore%23..%2F..%2Fcore%3A%3Ahash%3Df727c1%26locator%3D%2540onekeyfe%252Fextension-bridge-injected%2540file%253A..%252F..%252Fextension%252Fextension-bridge-injected%2523..%252F..%252Fextension%252Fextension-bridge-injected%253A%253Ahash%253D2fc7fa%2526locator%253D%252540onekeyfe%25252Fonekey-near-provider%252540workspace%25253A.":
  version: 2.2.16
  resolution: "@onekeyfe/cross-inpage-provider-errors@file:../errors#../errors::hash=12172d&locator=%40onekeyfe%2Fcross-inpage-provider-core%40file%3A..%2F..%2Fcore%23..%2F..%2Fcore%3A%3Ahash%3Df727c1%26locator%3D%2540onekeyfe%252Fextension-bridge-injected%2540file%253A..%252F..%252Fextension%252Fextension-bridge-injected%2523..%252F..%252Fextension%252Fextension-bridge-injected%253A%253Ahash%253D2fc7fa%2526locator%253D%252540onekeyfe%25252Fonekey-near-provider%252540workspace%25253A."
  dependencies:
    fast-safe-stringify: "npm:^2.0.6"
  checksum: 10c0/60c4c61baf12a81f6a493649af1636760770c337eb9188154301f0a77afe242ea9070a24d78a05b459012dc50286d7ea835509881fcb3a8a5ed78600d4b1464e
  languageName: node
  linkType: hard

"@onekeyfe/cross-inpage-provider-errors@file:../errors::locator=%40onekeyfe%2Fcross-inpage-provider-core%40file%3A..%2F..%2Fcore%23..%2F..%2Fcore%3A%3Ahash%3Df727c1%26locator%3D%2540onekeyfe%252Fonekey-near-provider%2540workspace%253A.":
  version: 2.2.16
  resolution: "@onekeyfe/cross-inpage-provider-errors@file:../errors#../errors::hash=12172d&locator=%40onekeyfe%2Fcross-inpage-provider-core%40file%3A..%2F..%2Fcore%23..%2F..%2Fcore%3A%3Ahash%3Df727c1%26locator%3D%2540onekeyfe%252Fonekey-near-provider%2540workspace%253A."
  dependencies:
    fast-safe-stringify: "npm:^2.0.6"
  checksum: 10c0/60c4c61baf12a81f6a493649af1636760770c337eb9188154301f0a77afe242ea9070a24d78a05b459012dc50286d7ea835509881fcb3a8a5ed78600d4b1464e
  languageName: node
  linkType: hard

"@onekeyfe/cross-inpage-provider-events@file:../events::locator=%40onekeyfe%2Fcross-inpage-provider-core%40file%3A..%2F..%2Fcore%23..%2F..%2Fcore%3A%3Ahash%3Df727c1%26locator%3D%2540onekeyfe%252Fextension-bridge-injected%2540file%253A..%252F..%252Fextension%252Fextension-bridge-injected%2523..%252F..%252Fextension%252Fextension-bridge-injected%253A%253Ahash%253D2fc7fa%2526locator%253D%252540onekeyfe%25252Fonekey-near-provider%252540workspace%25253A.":
  version: 2.2.16
  resolution: "@onekeyfe/cross-inpage-provider-events@file:../events#../events::hash=9d5c56&locator=%40onekeyfe%2Fcross-inpage-provider-core%40file%3A..%2F..%2Fcore%23..%2F..%2Fcore%3A%3Ahash%3Df727c1%26locator%3D%2540onekeyfe%252Fextension-bridge-injected%2540file%253A..%252F..%252Fextension%252Fextension-bridge-injected%2523..%252F..%252Fextension%252Fextension-bridge-injected%253A%253Ahash%253D2fc7fa%2526locator%253D%252540onekeyfe%25252Fonekey-near-provider%252540workspace%25253A."
  checksum: 10c0/60e5e8eea7aab33bd5de0557570f91534b6745b9a98cd514d94fe5f73e119ef1d582899670209654686ba2e4f0d4c6890d165f01cb1dc3886d8e5d93c5f9cc49
  languageName: node
  linkType: hard

"@onekeyfe/cross-inpage-provider-events@file:../events::locator=%40onekeyfe%2Fcross-inpage-provider-core%40file%3A..%2F..%2Fcore%23..%2F..%2Fcore%3A%3Ahash%3Df727c1%26locator%3D%2540onekeyfe%252Fonekey-near-provider%2540workspace%253A.":
  version: 2.2.16
  resolution: "@onekeyfe/cross-inpage-provider-events@file:../events#../events::hash=9d5c56&locator=%40onekeyfe%2Fcross-inpage-provider-core%40file%3A..%2F..%2Fcore%23..%2F..%2Fcore%3A%3Ahash%3Df727c1%26locator%3D%2540onekeyfe%252Fonekey-near-provider%2540workspace%253A."
  checksum: 10c0/60e5e8eea7aab33bd5de0557570f91534b6745b9a98cd514d94fe5f73e119ef1d582899670209654686ba2e4f0d4c6890d165f01cb1dc3886d8e5d93c5f9cc49
  languageName: node
  linkType: hard

"@onekeyfe/cross-inpage-provider-types@file:../../types::locator=%40onekeyfe%2Fextension-bridge-injected%40file%3A..%2F..%2Fextension%2Fextension-bridge-injected%23..%2F..%2Fextension%2Fextension-bridge-injected%3A%3Ahash%3D2fc7fa%26locator%3D%2540onekeyfe%252Fonekey-near-provider%2540workspace%253A.":
  version: 2.2.16
  resolution: "@onekeyfe/cross-inpage-provider-types@file:../../types#../../types::hash=b64b30&locator=%40onekeyfe%2Fextension-bridge-injected%40file%3A..%2F..%2Fextension%2Fextension-bridge-injected%23..%2F..%2Fextension%2Fextension-bridge-injected%3A%3Ahash%3D2fc7fa%26locator%3D%2540onekeyfe%252Fonekey-near-provider%2540workspace%253A."
  checksum: 10c0/716e36d6fc16f3b864416d85bc0cdad57e0c46bd84b722c2138cf69681eb4237856021cc7847c95ead69cdf1b4fcfd87dac014b2a4a6e008a84bb7a0f4c5d51a
  languageName: node
  linkType: hard

"@onekeyfe/cross-inpage-provider-types@file:../../types::locator=%40onekeyfe%2Fonekey-near-provider%40workspace%3A.":
  version: 2.2.16
  resolution: "@onekeyfe/cross-inpage-provider-types@file:../../types#../../types::hash=b64b30&locator=%40onekeyfe%2Fonekey-near-provider%40workspace%3A."
  checksum: 10c0/716e36d6fc16f3b864416d85bc0cdad57e0c46bd84b722c2138cf69681eb4237856021cc7847c95ead69cdf1b4fcfd87dac014b2a4a6e008a84bb7a0f4c5d51a
  languageName: node
  linkType: hard

"@onekeyfe/cross-inpage-provider-types@file:../types::locator=%40onekeyfe%2Fcross-inpage-provider-core%40file%3A..%2F..%2Fcore%23..%2F..%2Fcore%3A%3Ahash%3Df727c1%26locator%3D%2540onekeyfe%252Fextension-bridge-injected%2540file%253A..%252F..%252Fextension%252Fextension-bridge-injected%2523..%252F..%252Fextension%252Fextension-bridge-injected%253A%253Ahash%253D2fc7fa%2526locator%253D%252540onekeyfe%25252Fonekey-near-provider%252540workspace%25253A.":
  version: 2.2.16
  resolution: "@onekeyfe/cross-inpage-provider-types@file:../types#../types::hash=b64b30&locator=%40onekeyfe%2Fcross-inpage-provider-core%40file%3A..%2F..%2Fcore%23..%2F..%2Fcore%3A%3Ahash%3Df727c1%26locator%3D%2540onekeyfe%252Fextension-bridge-injected%2540file%253A..%252F..%252Fextension%252Fextension-bridge-injected%2523..%252F..%252Fextension%252Fextension-bridge-injected%253A%253Ahash%253D2fc7fa%2526locator%253D%252540onekeyfe%25252Fonekey-near-provider%252540workspace%25253A."
  checksum: 10c0/716e36d6fc16f3b864416d85bc0cdad57e0c46bd84b722c2138cf69681eb4237856021cc7847c95ead69cdf1b4fcfd87dac014b2a4a6e008a84bb7a0f4c5d51a
  languageName: node
  linkType: hard

"@onekeyfe/cross-inpage-provider-types@file:../types::locator=%40onekeyfe%2Fcross-inpage-provider-core%40file%3A..%2F..%2Fcore%23..%2F..%2Fcore%3A%3Ahash%3Df727c1%26locator%3D%2540onekeyfe%252Fonekey-near-provider%2540workspace%253A.":
  version: 2.2.16
  resolution: "@onekeyfe/cross-inpage-provider-types@file:../types#../types::hash=b64b30&locator=%40onekeyfe%2Fcross-inpage-provider-core%40file%3A..%2F..%2Fcore%23..%2F..%2Fcore%3A%3Ahash%3Df727c1%26locator%3D%2540onekeyfe%252Fonekey-near-provider%2540workspace%253A."
  checksum: 10c0/716e36d6fc16f3b864416d85bc0cdad57e0c46bd84b722c2138cf69681eb4237856021cc7847c95ead69cdf1b4fcfd87dac014b2a4a6e008a84bb7a0f4c5d51a
  languageName: node
  linkType: hard

"@onekeyfe/extension-bridge-injected@file:../../extension/extension-bridge-injected::locator=%40onekeyfe%2Fonekey-near-provider%40workspace%3A.":
  version: 2.2.16
  resolution: "@onekeyfe/extension-bridge-injected@file:../../extension/extension-bridge-injected#../../extension/extension-bridge-injected::hash=2fc7fa&locator=%40onekeyfe%2Fonekey-near-provider%40workspace%3A."
  dependencies:
    "@onekeyfe/cross-inpage-provider-core": "file:../../core"
    "@onekeyfe/cross-inpage-provider-types": "file:../../types"
  checksum: 10c0/8c5df088ec32ccae1c75d452399d2abff0035eebd42682faf1f9f55d2e0d3c145b3a73694d7473146f84d43f16a58eb74524704f2482b77be46830c2824402f5
  languageName: node
  linkType: hard

"@onekeyfe/onekey-near-provider@workspace:.":
  version: 0.0.0-use.local
  resolution: "@onekeyfe/onekey-near-provider@workspace:."
  dependencies:
    "@onekeyfe/cross-inpage-provider-core": "file:../../core"
    "@onekeyfe/cross-inpage-provider-errors": "file:../../errors"
    "@onekeyfe/cross-inpage-provider-types": "file:../../types"
    "@onekeyfe/extension-bridge-injected": "file:../../extension/extension-bridge-injected"
    "@types/depd": "npm:^1.1.32"
    borsh: "npm:^0.6.0"
    depd: "npm:^2.0.0"
    near-api-js: "npm:^0.44.2"
    tweetnacl: "npm:^1.0.3"
  peerDependencies:
    near-api-js: ^0.44.2
  languageName: unknown
  linkType: soft

"@types/depd@npm:^1.1.32":
  version: 1.1.32
  resolution: "@types/depd@npm:1.1.32"
  dependencies:
    "@types/node": "npm:*"
  checksum: 10c0/a86b7300c9f9ee4a615d9c92fa4cd1267ecbd8522ddf15cf9656fd27f97070c3310a896e793fd0a862901fc099e60c5117ba141247b66733ec33313f169847be
  languageName: node
  linkType: hard

"@types/node@npm:*":
  version: 17.0.17
  resolution: "@types/node@npm:17.0.17"
  checksum: 10c0/e7a4096a1ead38b0943f4cee02d8710d6419588c5f5e1bc186ccc06fc30911f7f3e7e3f784d1ffc747bdf464f688df1764aea00f0059cd64da0367974b86df76
  languageName: node
  linkType: hard

"base-x@npm:^3.0.2":
  version: 3.0.9
  resolution: "base-x@npm:3.0.9"
  dependencies:
    safe-buffer: "npm:^5.0.1"
  checksum: 10c0/e6bbeae30b24f748b546005affb710c5fbc8b11a83f6cd0ca999bd1ab7ad3a22e42888addc40cd145adc4edfe62fcfab4ebc91da22e4259aae441f95a77aee1a
  languageName: node
  linkType: hard

"bn.js@npm:5.2.0, bn.js@npm:^5.2.0":
  version: 5.2.0
  resolution: "bn.js@npm:5.2.0"
  checksum: 10c0/67e17b1934d9c7a73aed9b89222dc8c1c8e3aff46cca6609b8c2ab04fa22c6b8db42c7774b039d09fa63136d8866b777ab88af0d64d8ea3839a94e69193a6b13
  languageName: node
  linkType: hard

"borsh@npm:^0.6.0":
  version: 0.6.0
  resolution: "borsh@npm:0.6.0"
  dependencies:
    bn.js: "npm:^5.2.0"
    bs58: "npm:^4.0.0"
    text-encoding-utf-8: "npm:^1.0.2"
  checksum: 10c0/105c90dba351825214956815b50c8b1bbd68e24d9d556f909ccf8fa364e12cb910dafb99e8f3bf9b236192dae2bf37fb4262ec2496d314ef968f3822a878b85b
  languageName: node
  linkType: hard

"bs58@npm:^4.0.0":
  version: 4.0.1
  resolution: "bs58@npm:4.0.1"
  dependencies:
    base-x: "npm:^3.0.2"
  checksum: 10c0/613a1b1441e754279a0e3f44d1faeb8c8e838feef81e550efe174ff021dd2e08a4c9ae5805b52dfdde79f97b5c0918c78dd24a0eb726c4a94365f0984a0ffc65
  languageName: node
  linkType: hard

"capability@npm:^0.2.5":
  version: 0.2.5
  resolution: "capability@npm:0.2.5"
  checksum: 10c0/b11393990530223987aae03751db702b528e8c624cda96fe5e6b004edd055feea273a1c0f38164efbd7ed7bf907f58348f45c01dead85c1e1c1f5dbd1be6885e
  languageName: node
  linkType: hard

"depd@npm:^2.0.0":
  version: 2.0.0
  resolution: "depd@npm:2.0.0"
  checksum: 10c0/58bd06ec20e19529b06f7ad07ddab60e504d9e0faca4bd23079fac2d279c3594334d736508dc350e06e510aba5e22e4594483b3a6562ce7c17dd797f4cc4ad2c
  languageName: node
  linkType: hard

"depd@npm:~1.1.2":
  version: 1.1.2
  resolution: "depd@npm:1.1.2"
  checksum: 10c0/acb24aaf936ef9a227b6be6d495f0d2eb20108a9a6ad40585c5bda1a897031512fef6484e4fdbb80bd249fdaa82841fa1039f416ece03188e677ba11bcfda249
  languageName: node
  linkType: hard

"error-polyfill@npm:^0.1.3":
  version: 0.1.3
  resolution: "error-polyfill@npm:0.1.3"
  dependencies:
    capability: "npm:^0.2.5"
    o3: "npm:^1.0.3"
    u3: "npm:^0.1.1"
  checksum: 10c0/245ae22d781ff9e04a3b9303567cc3fdd9016d73c75c6b7e710cfdcef73e69122c1641f5a97653c5f1db03084e474f2a154730fd36244a52ca710b8316f1056d
  languageName: node
  linkType: hard

"events@npm:^3.3.0":
  version: 3.3.0
  resolution: "events@npm:3.3.0"
  checksum: 10c0/d6b6f2adbccbcda74ddbab52ed07db727ef52e31a61ed26db9feb7dc62af7fc8e060defa65e5f8af9449b86b52cc1a1f6a79f2eafcf4e62add2b7a1fa4a432f6
  languageName: node
  linkType: hard

"fast-safe-stringify@npm:^2.0.6":
  version: 2.1.1
  resolution: "fast-safe-stringify@npm:2.1.1"
  checksum: 10c0/d90ec1c963394919828872f21edaa3ad6f1dddd288d2bd4e977027afff09f5db40f94e39536d4646f7e01761d704d72d51dce5af1b93717f3489ef808f5f4e4d
  languageName: node
  linkType: hard

"http-errors@npm:^1.7.2":
  version: 1.8.1
  resolution: "http-errors@npm:1.8.1"
  dependencies:
    depd: "npm:~1.1.2"
    inherits: "npm:2.0.4"
    setprototypeof: "npm:1.2.0"
    statuses: "npm:>= 1.5.0 < 2"
    toidentifier: "npm:1.0.1"
  checksum: 10c0/f01aeecd76260a6fe7f08e192fcbe9b2f39ed20fc717b852669a69930167053b01790998275c6297d44f435cf0e30edd50c05223d1bec9bc484e6cf35b2d6f43
  languageName: node
  linkType: hard

"inherits@npm:2.0.4":
  version: 2.0.4
  resolution: "inherits@npm:2.0.4"
  checksum: 10c0/4e531f648b29039fb7426fb94075e6545faa1eb9fe83c29f0b6d9e7263aceb4289d2d4557db0d428188eeb449cc7c5e77b0a0b2c4e248ff2a65933a0dee49ef2
  languageName: node
  linkType: hard

"js-sha256@npm:^0.9.0":
  version: 0.9.0
  resolution: "js-sha256@npm:0.9.0"
  checksum: 10c0/f20b9245f6ebe666f42ca05536f777301132fb1aa7fbc22f10578fa302717a6cca507344894efdeaf40a011256eb2f7d517b94ac7105bd5cf087fa61551ad634
  languageName: node
  linkType: hard

"lodash-es@npm:^4.17.21":
  version: 4.17.21
  resolution: "lodash-es@npm:4.17.21"
  checksum: 10c0/fb407355f7e6cd523a9383e76e6b455321f0f153a6c9625e21a8827d10c54c2a2341bd2ae8d034358b60e07325e1330c14c224ff582d04612a46a4f0479ff2f2
  languageName: node
  linkType: hard

"ms@npm:^2.1.3":
  version: 2.1.3
  resolution: "ms@npm:2.1.3"
  checksum: 10c0/d924b57e7312b3b63ad21fc5b3dc0af5e78d61a1fc7cfb5457edaf26326bf62be5307cc87ffb6862ef1c2b33b0233cdb5d4f01c4c958cc0d660948b65a287a48
  languageName: node
  linkType: hard

"mustache@npm:^4.0.0":
  version: 4.2.0
  resolution: "mustache@npm:4.2.0"
  bin:
    mustache: bin/mustache
  checksum: 10c0/1f8197e8a19e63645a786581d58c41df7853da26702dbc005193e2437c98ca49b255345c173d50c08fe4b4dbb363e53cb655ecc570791f8deb09887248dd34a2
  languageName: node
  linkType: hard

"near-api-js@npm:^0.44.2":
  version: 0.44.2
  resolution: "near-api-js@npm:0.44.2"
  dependencies:
    bn.js: "npm:5.2.0"
    borsh: "npm:^0.6.0"
    bs58: "npm:^4.0.0"
    depd: "npm:^2.0.0"
    error-polyfill: "npm:^0.1.3"
    http-errors: "npm:^1.7.2"
    js-sha256: "npm:^0.9.0"
    mustache: "npm:^4.0.0"
    node-fetch: "npm:^2.6.1"
    text-encoding-utf-8: "npm:^1.0.2"
    tweetnacl: "npm:^1.0.1"
  checksum: 10c0/b8fedf4a1e3f7c7b7d0f3742a514b7ca7cfb8dccc89b1c7a06b3a087042f24bf840451c01fa54e0442bf264e768d1332b3a50df1ca256af41d19456341bb1227
  languageName: node
  linkType: hard

"node-fetch@npm:^2.6.1":
  version: 2.6.7
  resolution: "node-fetch@npm:2.6.7"
  dependencies:
    whatwg-url: "npm:^5.0.0"
  peerDependencies:
    encoding: ^0.1.0
  peerDependenciesMeta:
    encoding:
      optional: true
  checksum: 10c0/fcae80f5ac52fbf5012f5e19df2bd3915e67d3b3ad51cb5942943df2238d32ba15890fecabd0e166876a9f98a581ab50f3f10eb942b09405c49ef8da36b826c7
  languageName: node
  linkType: hard

"o3@npm:^1.0.3":
  version: 1.0.3
  resolution: "o3@npm:1.0.3"
  dependencies:
    capability: "npm:^0.2.5"
  checksum: 10c0/2aa82a2d4920a705a24cc65628072a8b80046c7ba516e89870699e4bf5395247e68db91369cb07554f40cb4776af8cb54be1d2e22273a9f8d4e001dc51bfdf1d
  languageName: node
  linkType: hard

"safe-buffer@npm:^5.0.1":
  version: 5.2.1
  resolution: "safe-buffer@npm:5.2.1"
  checksum: 10c0/6501914237c0a86e9675d4e51d89ca3c21ffd6a31642efeba25ad65720bce6921c9e7e974e5be91a786b25aa058b5303285d3c15dbabf983a919f5f630d349f3
  languageName: node
  linkType: hard

"setprototypeof@npm:1.2.0":
  version: 1.2.0
  resolution: "setprototypeof@npm:1.2.0"
  checksum: 10c0/68733173026766fa0d9ecaeb07f0483f4c2dc70ca376b3b7c40b7cda909f94b0918f6c5ad5ce27a9160bdfb475efaa9d5e705a11d8eaae18f9835d20976028bc
  languageName: node
  linkType: hard

"statuses@npm:>= 1.5.0 < 2":
  version: 1.5.0
  resolution: "statuses@npm:1.5.0"
  checksum: 10c0/e433900956357b3efd79b1c547da4d291799ac836960c016d10a98f6a810b1b5c0dcc13b5a7aa609a58239b5190e1ea176ad9221c2157d2fd1c747393e6b2940
  languageName: node
  linkType: hard

"text-encoding-utf-8@npm:^1.0.2":
  version: 1.0.2
  resolution: "text-encoding-utf-8@npm:1.0.2"
  checksum: 10c0/87a64b394c850e8387c2ca7fc6929a26ce97fb598f1c55cd0fdaec4b8e2c3ed6770f65b2f3309c9175ef64ac5e403c8e48b53ceeb86d2897940c5e19cc00bb99
  languageName: node
  linkType: hard

"toidentifier@npm:1.0.1":
  version: 1.0.1
  resolution: "toidentifier@npm:1.0.1"
  checksum: 10c0/93937279934bd66cc3270016dd8d0afec14fb7c94a05c72dc57321f8bd1fa97e5bea6d1f7c89e728d077ca31ea125b78320a616a6c6cd0e6b9cb94cb864381c1
  languageName: node
  linkType: hard

"tr46@npm:~0.0.3":
  version: 0.0.3
  resolution: "tr46@npm:0.0.3"
  checksum: 10c0/047cb209a6b60c742f05c9d3ace8fa510bff609995c129a37ace03476a9b12db4dbf975e74600830ef0796e18882b2381fb5fb1f6b4f96b832c374de3ab91a11
  languageName: node
  linkType: hard

"tweetnacl@npm:^1.0.1, tweetnacl@npm:^1.0.3":
  version: 1.0.3
  resolution: "tweetnacl@npm:1.0.3"
  checksum: 10c0/069d9df51e8ad4a89fbe6f9806c68e06c65be3c7d42f0701cc43dba5f0d6064686b238bbff206c5addef8854e3ce00c643bff59432ea2f2c639feab0ee1a93f9
  languageName: node
  linkType: hard

"u3@npm:^0.1.1":
  version: 0.1.1
  resolution: "u3@npm:0.1.1"
  checksum: 10c0/791f702cfc7d39d0b210377ed5ca3c8417676d2d76492d775bd0ac0a1253dac980cbe8fb34c3d627aceba3fb9b0cdc10acaa49e47116a507823c67006f2fc9e3
  languageName: node
  linkType: hard

"webidl-conversions@npm:^3.0.0":
  version: 3.0.1
  resolution: "webidl-conversions@npm:3.0.1"
  checksum: 10c0/5612d5f3e54760a797052eb4927f0ddc01383550f542ccd33d5238cfd65aeed392a45ad38364970d0a0f4fea32e1f4d231b3d8dac4a3bdd385e5cf802ae097db
  languageName: node
  linkType: hard

"whatwg-url@npm:^5.0.0":
  version: 5.0.0
  resolution: "whatwg-url@npm:5.0.0"
  dependencies:
    tr46: "npm:~0.0.3"
    webidl-conversions: "npm:^3.0.0"
  checksum: 10c0/1588bed84d10b72d5eec1d0faa0722ba1962f1821e7539c535558fb5398d223b0c50d8acab950b8c488b4ba69043fd833cc2697056b167d8ad46fac3995a55d5
  languageName: node
  linkType: hard
