# This file is generated by running "yarn install" inside your project.
# Manual changes might be lost - proceed with caution!

__metadata:
  version: 8
  cacheKey: 10c0

"@adraffy/ens-normalize@npm:1.10.1":
  version: 1.10.1
  resolution: "@adraffy/ens-normalize@npm:1.10.1"
  checksum: 10c0/fdd647604e8fac6204921888aaf5a6bc65eabf0d2921bc5f93b64d01f4bc33ead167c1445f7de05468d05cd92ac31b74c68d2be840c62b79d73693308f885c06
  languageName: node
  linkType: hard

"@babel/runtime@npm:^7.0.0":
  version: 7.19.4
  resolution: "@babel/runtime@npm:7.19.4"
  dependencies:
    regenerator-runtime: "npm:^0.13.4"
  checksum: 10c0/3ad7f298262cf1f060a3bf2be9f65afa3c034c9c7a2e7c9d3ec41ab58c944c86756d0e0fdfc08d178f983f48d6b5613c15253d83216fbe02b6141c13d28f12e5
  languageName: node
  linkType: hard

"@babel/runtime@npm:^7.4.5":
  version: 7.20.13
  resolution: "@babel/runtime@npm:7.20.13"
  dependencies:
    regenerator-runtime: "npm:^0.13.11"
  checksum: 10c0/4bea540b54d50af157efc6e9117727c0e9a146b9db43fcd89b8f0024c9464620194efc73e57588b4b141974188dc6f9d338319d74b855d32a785bf14a6fd0d6d
  languageName: node
  linkType: hard

"@ethersproject/abi@npm:^5.7.0":
  version: 5.7.0
  resolution: "@ethersproject/abi@npm:5.7.0"
  dependencies:
    "@ethersproject/address": "npm:^5.7.0"
    "@ethersproject/bignumber": "npm:^5.7.0"
    "@ethersproject/bytes": "npm:^5.7.0"
    "@ethersproject/constants": "npm:^5.7.0"
    "@ethersproject/hash": "npm:^5.7.0"
    "@ethersproject/keccak256": "npm:^5.7.0"
    "@ethersproject/logger": "npm:^5.7.0"
    "@ethersproject/properties": "npm:^5.7.0"
    "@ethersproject/strings": "npm:^5.7.0"
  checksum: 10c0/7de51bf52ff03df2526546dacea6e74f15d4c5ef762d931552082b9600dcefd8e333599f02d7906ba89f7b7f48c45ab72cee76f397212b4f17fa9d9ff5615916
  languageName: node
  linkType: hard

"@ethersproject/abstract-provider@npm:^5.7.0":
  version: 5.7.0
  resolution: "@ethersproject/abstract-provider@npm:5.7.0"
  dependencies:
    "@ethersproject/bignumber": "npm:^5.7.0"
    "@ethersproject/bytes": "npm:^5.7.0"
    "@ethersproject/logger": "npm:^5.7.0"
    "@ethersproject/networks": "npm:^5.7.0"
    "@ethersproject/properties": "npm:^5.7.0"
    "@ethersproject/transactions": "npm:^5.7.0"
    "@ethersproject/web": "npm:^5.7.0"
  checksum: 10c0/a5708e2811b90ddc53d9318ce152511a32dd4771aa2fb59dbe9e90468bb75ca6e695d958bf44d13da684dc3b6aab03f63d425ff7591332cb5d7ddaf68dff7224
  languageName: node
  linkType: hard

"@ethersproject/abstract-signer@npm:^5.7.0":
  version: 5.7.0
  resolution: "@ethersproject/abstract-signer@npm:5.7.0"
  dependencies:
    "@ethersproject/abstract-provider": "npm:^5.7.0"
    "@ethersproject/bignumber": "npm:^5.7.0"
    "@ethersproject/bytes": "npm:^5.7.0"
    "@ethersproject/logger": "npm:^5.7.0"
    "@ethersproject/properties": "npm:^5.7.0"
  checksum: 10c0/e174966b3be17269a5974a3ae5eef6d15ac62ee8c300ceace26767f218f6bbf3de66f29d9a9c9ca300fa8551aab4c92e28d2cc772f5475fdeaa78d9b5be0e745
  languageName: node
  linkType: hard

"@ethersproject/address@npm:^5.7.0":
  version: 5.7.0
  resolution: "@ethersproject/address@npm:5.7.0"
  dependencies:
    "@ethersproject/bignumber": "npm:^5.7.0"
    "@ethersproject/bytes": "npm:^5.7.0"
    "@ethersproject/keccak256": "npm:^5.7.0"
    "@ethersproject/logger": "npm:^5.7.0"
    "@ethersproject/rlp": "npm:^5.7.0"
  checksum: 10c0/db5da50abeaae8f6cf17678323e8d01cad697f9a184b0593c62b71b0faa8d7e5c2ba14da78a998d691773ed6a8eb06701f65757218e0eaaeb134e5c5f3e5a908
  languageName: node
  linkType: hard

"@ethersproject/base64@npm:^5.7.0":
  version: 5.7.0
  resolution: "@ethersproject/base64@npm:5.7.0"
  dependencies:
    "@ethersproject/bytes": "npm:^5.7.0"
  checksum: 10c0/4f748cd82af60ff1866db699fbf2bf057feff774ea0a30d1f03ea26426f53293ea10cc8265cda1695301da61093bedb8cc0d38887f43ed9dad96b78f19d7337e
  languageName: node
  linkType: hard

"@ethersproject/bignumber@npm:^5.7.0":
  version: 5.7.0
  resolution: "@ethersproject/bignumber@npm:5.7.0"
  dependencies:
    "@ethersproject/bytes": "npm:^5.7.0"
    "@ethersproject/logger": "npm:^5.7.0"
    bn.js: "npm:^5.2.1"
  checksum: 10c0/14263cdc91a7884b141d9300f018f76f69839c47e95718ef7161b11d2c7563163096fee69724c5fa8ef6f536d3e60f1c605819edbc478383a2b98abcde3d37b2
  languageName: node
  linkType: hard

"@ethersproject/bytes@npm:^5.7.0":
  version: 5.7.0
  resolution: "@ethersproject/bytes@npm:5.7.0"
  dependencies:
    "@ethersproject/logger": "npm:^5.7.0"
  checksum: 10c0/07dd1f0341b3de584ef26c8696674ff2bb032f4e99073856fc9cd7b4c54d1d846cabe149e864be267934658c3ce799e5ea26babe01f83af0e1f06c51e5ac791f
  languageName: node
  linkType: hard

"@ethersproject/constants@npm:^5.7.0":
  version: 5.7.0
  resolution: "@ethersproject/constants@npm:5.7.0"
  dependencies:
    "@ethersproject/bignumber": "npm:^5.7.0"
  checksum: 10c0/6df63ab753e152726b84595250ea722165a5744c046e317df40a6401f38556385a37c84dadf5b11ca651c4fb60f967046125369c57ac84829f6b30e69a096273
  languageName: node
  linkType: hard

"@ethersproject/hash@npm:^5.7.0":
  version: 5.7.0
  resolution: "@ethersproject/hash@npm:5.7.0"
  dependencies:
    "@ethersproject/abstract-signer": "npm:^5.7.0"
    "@ethersproject/address": "npm:^5.7.0"
    "@ethersproject/base64": "npm:^5.7.0"
    "@ethersproject/bignumber": "npm:^5.7.0"
    "@ethersproject/bytes": "npm:^5.7.0"
    "@ethersproject/keccak256": "npm:^5.7.0"
    "@ethersproject/logger": "npm:^5.7.0"
    "@ethersproject/properties": "npm:^5.7.0"
    "@ethersproject/strings": "npm:^5.7.0"
  checksum: 10c0/1a631dae34c4cf340dde21d6940dd1715fc7ae483d576f7b8ef9e8cb1d0e30bd7e8d30d4a7d8dc531c14164602323af2c3d51eb2204af18b2e15167e70c9a5ef
  languageName: node
  linkType: hard

"@ethersproject/keccak256@npm:^5.7.0":
  version: 5.7.0
  resolution: "@ethersproject/keccak256@npm:5.7.0"
  dependencies:
    "@ethersproject/bytes": "npm:^5.7.0"
    js-sha3: "npm:0.8.0"
  checksum: 10c0/3b1a91706ff11f5ab5496840b9c36cedca27db443186d28b94847149fd16baecdc13f6fc5efb8359506392f2aba559d07e7f9c1e17a63f9d5de9f8053cfcb033
  languageName: node
  linkType: hard

"@ethersproject/logger@npm:^5.7.0":
  version: 5.7.0
  resolution: "@ethersproject/logger@npm:5.7.0"
  checksum: 10c0/d03d460fb2d4a5e71c627b7986fb9e50e1b59a6f55e8b42a545b8b92398b961e7fd294bd9c3d8f92b35d0f6ff9d15aa14c95eab378f8ea194e943c8ace343501
  languageName: node
  linkType: hard

"@ethersproject/networks@npm:^5.7.0":
  version: 5.7.1
  resolution: "@ethersproject/networks@npm:5.7.1"
  dependencies:
    "@ethersproject/logger": "npm:^5.7.0"
  checksum: 10c0/9efcdce27f150459e85d74af3f72d5c32898823a99f5410e26bf26cca2d21fb14e403377314a93aea248e57fb2964e19cee2c3f7bfc586ceba4c803a8f1b75c0
  languageName: node
  linkType: hard

"@ethersproject/properties@npm:^5.7.0":
  version: 5.7.0
  resolution: "@ethersproject/properties@npm:5.7.0"
  dependencies:
    "@ethersproject/logger": "npm:^5.7.0"
  checksum: 10c0/4fe5d36e5550b8e23a305aa236a93e8f04d891d8198eecdc8273914c761b0e198fd6f757877406ee3eb05033ec271132a3e5998c7bd7b9a187964fb4f67b1373
  languageName: node
  linkType: hard

"@ethersproject/rlp@npm:^5.7.0":
  version: 5.7.0
  resolution: "@ethersproject/rlp@npm:5.7.0"
  dependencies:
    "@ethersproject/bytes": "npm:^5.7.0"
    "@ethersproject/logger": "npm:^5.7.0"
  checksum: 10c0/bc863d21dcf7adf6a99ae75c41c4a3fb99698cfdcfc6d5d82021530f3d3551c6305bc7b6f0475ad6de6f69e91802b7e872bee48c0596d98969aefcf121c2a044
  languageName: node
  linkType: hard

"@ethersproject/signing-key@npm:^5.7.0":
  version: 5.7.0
  resolution: "@ethersproject/signing-key@npm:5.7.0"
  dependencies:
    "@ethersproject/bytes": "npm:^5.7.0"
    "@ethersproject/logger": "npm:^5.7.0"
    "@ethersproject/properties": "npm:^5.7.0"
    bn.js: "npm:^5.2.1"
    elliptic: "npm:6.5.4"
    hash.js: "npm:1.1.7"
  checksum: 10c0/fe2ca55bcdb6e370d81372191d4e04671234a2da872af20b03c34e6e26b97dc07c1ee67e91b673680fb13344c9d5d7eae52f1fa6117733a3d68652b778843e09
  languageName: node
  linkType: hard

"@ethersproject/strings@npm:^5.7.0":
  version: 5.7.0
  resolution: "@ethersproject/strings@npm:5.7.0"
  dependencies:
    "@ethersproject/bytes": "npm:^5.7.0"
    "@ethersproject/constants": "npm:^5.7.0"
    "@ethersproject/logger": "npm:^5.7.0"
  checksum: 10c0/570d87040ccc7d94de9861f76fc2fba6c0b84c5d6104a99a5c60b8a2401df2e4f24bf9c30afa536163b10a564a109a96f02e6290b80e8f0c610426f56ad704d1
  languageName: node
  linkType: hard

"@ethersproject/transactions@npm:^5.7.0":
  version: 5.7.0
  resolution: "@ethersproject/transactions@npm:5.7.0"
  dependencies:
    "@ethersproject/address": "npm:^5.7.0"
    "@ethersproject/bignumber": "npm:^5.7.0"
    "@ethersproject/bytes": "npm:^5.7.0"
    "@ethersproject/constants": "npm:^5.7.0"
    "@ethersproject/keccak256": "npm:^5.7.0"
    "@ethersproject/logger": "npm:^5.7.0"
    "@ethersproject/properties": "npm:^5.7.0"
    "@ethersproject/rlp": "npm:^5.7.0"
    "@ethersproject/signing-key": "npm:^5.7.0"
  checksum: 10c0/aa4d51379caab35b9c468ed1692a23ae47ce0de121890b4f7093c982ee57e30bd2df0c743faed0f44936d7e59c55fffd80479f2c28ec6777b8de06bfb638c239
  languageName: node
  linkType: hard

"@ethersproject/web@npm:^5.7.0":
  version: 5.7.1
  resolution: "@ethersproject/web@npm:5.7.1"
  dependencies:
    "@ethersproject/base64": "npm:^5.7.0"
    "@ethersproject/bytes": "npm:^5.7.0"
    "@ethersproject/logger": "npm:^5.7.0"
    "@ethersproject/properties": "npm:^5.7.0"
    "@ethersproject/strings": "npm:^5.7.0"
  checksum: 10c0/c82d6745c7f133980e8dab203955260e07da22fa544ccafdd0f21c79fae127bd6ef30957319e37b1cc80cddeb04d6bfb60f291bb14a97c9093d81ce50672f453
  languageName: node
  linkType: hard

"@noble/curves@npm:1.2.0":
  version: 1.2.0
  resolution: "@noble/curves@npm:1.2.0"
  dependencies:
    "@noble/hashes": "npm:1.3.2"
  checksum: 10c0/0bac7d1bbfb3c2286910b02598addd33243cb97c3f36f987ecc927a4be8d7d88e0fcb12b0f0ef8a044e7307d1844dd5c49bb724bfa0a79c8ec50ba60768c97f6
  languageName: node
  linkType: hard

"@noble/curves@npm:1.4.2, @noble/curves@npm:~1.4.0":
  version: 1.4.2
  resolution: "@noble/curves@npm:1.4.2"
  dependencies:
    "@noble/hashes": "npm:1.4.0"
  checksum: 10c0/65620c895b15d46e8087939db6657b46a1a15cd4e0e4de5cd84b97a0dfe0af85f33a431bb21ac88267e3dc508618245d4cb564213959d66a84d690fe18a63419
  languageName: node
  linkType: hard

"@noble/hashes@npm:1.3.2":
  version: 1.3.2
  resolution: "@noble/hashes@npm:1.3.2"
  checksum: 10c0/2482cce3bce6a596626f94ca296e21378e7a5d4c09597cbc46e65ffacc3d64c8df73111f2265444e36a3168208628258bbbaccba2ef24f65f58b2417638a20e7
  languageName: node
  linkType: hard

"@noble/hashes@npm:1.4.0, @noble/hashes@npm:~1.4.0":
  version: 1.4.0
  resolution: "@noble/hashes@npm:1.4.0"
  checksum: 10c0/8c3f005ee72e7b8f9cff756dfae1241485187254e3f743873e22073d63906863df5d4f13d441b7530ea614b7a093f0d889309f28b59850f33b66cb26a779a4a5
  languageName: node
  linkType: hard

"@noble/secp256k1@npm:1.7.1":
  version: 1.7.1
  resolution: "@noble/secp256k1@npm:1.7.1"
  checksum: 10c0/48091801d39daba75520012027d0ff0b1719338d96033890cfe0d287ad75af00d82769c0194a06e7e4fbd816ae3f204f4a59c9e26f0ad16b429f7e9b5403ccd5
  languageName: node
  linkType: hard

"@onekeyfe/cross-inpage-provider-core@file:../../core::locator=%40onekeyfe%2Fextension-bridge-injected%40file%3A..%2F..%2Fextension%2Fextension-bridge-injected%23..%2F..%2Fextension%2Fextension-bridge-injected%3A%3Ahash%3D45936c%26locator%3D%2540onekeyfe%252Fonekey-tron-provider%2540workspace%253A.":
  version: 2.2.16
  resolution: "@onekeyfe/cross-inpage-provider-core@file:../../core#../../core::hash=bf773a&locator=%40onekeyfe%2Fextension-bridge-injected%40file%3A..%2F..%2Fextension%2Fextension-bridge-injected%23..%2F..%2Fextension%2Fextension-bridge-injected%3A%3Ahash%3D45936c%26locator%3D%2540onekeyfe%252Fonekey-tron-provider%2540workspace%253A."
  dependencies:
    "@onekeyfe/cross-inpage-provider-errors": "file:../errors"
    "@onekeyfe/cross-inpage-provider-events": "file:../events"
    "@onekeyfe/cross-inpage-provider-types": "file:../types"
    events: "npm:^3.3.0"
    lodash-es: "npm:^4.17.21"
    ms: "npm:^2.1.3"
  checksum: 10c0/9823bbeadcb6b902890d1052b79905b53ceb9222d96b9f9d539010c3fb44c1e17800f78f7cf049d14c0a16bfd806ffdf818e7ad3a0fa52dfabe9ffb2e856216b
  languageName: node
  linkType: hard

"@onekeyfe/cross-inpage-provider-core@file:../../core::locator=%40onekeyfe%2Fonekey-tron-provider%40workspace%3A.":
  version: 2.2.16
  resolution: "@onekeyfe/cross-inpage-provider-core@file:../../core#../../core::hash=bf773a&locator=%40onekeyfe%2Fonekey-tron-provider%40workspace%3A."
  dependencies:
    "@onekeyfe/cross-inpage-provider-errors": "file:../errors"
    "@onekeyfe/cross-inpage-provider-events": "file:../events"
    "@onekeyfe/cross-inpage-provider-types": "file:../types"
    events: "npm:^3.3.0"
    lodash-es: "npm:^4.17.21"
    ms: "npm:^2.1.3"
  checksum: 10c0/9823bbeadcb6b902890d1052b79905b53ceb9222d96b9f9d539010c3fb44c1e17800f78f7cf049d14c0a16bfd806ffdf818e7ad3a0fa52dfabe9ffb2e856216b
  languageName: node
  linkType: hard

"@onekeyfe/cross-inpage-provider-errors@file:../../errors::locator=%40onekeyfe%2Fonekey-tron-provider%40workspace%3A.":
  version: 2.2.16
  resolution: "@onekeyfe/cross-inpage-provider-errors@file:../../errors#../../errors::hash=12172d&locator=%40onekeyfe%2Fonekey-tron-provider%40workspace%3A."
  dependencies:
    fast-safe-stringify: "npm:^2.0.6"
  checksum: 10c0/60c4c61baf12a81f6a493649af1636760770c337eb9188154301f0a77afe242ea9070a24d78a05b459012dc50286d7ea835509881fcb3a8a5ed78600d4b1464e
  languageName: node
  linkType: hard

"@onekeyfe/cross-inpage-provider-errors@file:../errors::locator=%40onekeyfe%2Fcross-inpage-provider-core%40file%3A..%2F..%2Fcore%23..%2F..%2Fcore%3A%3Ahash%3Dbf773a%26locator%3D%2540onekeyfe%252Fextension-bridge-injected%2540file%253A..%252F..%252Fextension%252Fextension-bridge-injected%2523..%252F..%252Fextension%252Fextension-bridge-injected%253A%253Ahash%253D45936c%2526locator%253D%252540onekeyfe%25252Fonekey-tron-provider%252540workspace%25253A.":
  version: 2.2.16
  resolution: "@onekeyfe/cross-inpage-provider-errors@file:../errors#../errors::hash=12172d&locator=%40onekeyfe%2Fcross-inpage-provider-core%40file%3A..%2F..%2Fcore%23..%2F..%2Fcore%3A%3Ahash%3Dbf773a%26locator%3D%2540onekeyfe%252Fextension-bridge-injected%2540file%253A..%252F..%252Fextension%252Fextension-bridge-injected%2523..%252F..%252Fextension%252Fextension-bridge-injected%253A%253Ahash%253D45936c%2526locator%253D%252540onekeyfe%25252Fonekey-tron-provider%252540workspace%25253A."
  dependencies:
    fast-safe-stringify: "npm:^2.0.6"
  checksum: 10c0/60c4c61baf12a81f6a493649af1636760770c337eb9188154301f0a77afe242ea9070a24d78a05b459012dc50286d7ea835509881fcb3a8a5ed78600d4b1464e
  languageName: node
  linkType: hard

"@onekeyfe/cross-inpage-provider-errors@file:../errors::locator=%40onekeyfe%2Fcross-inpage-provider-core%40file%3A..%2F..%2Fcore%23..%2F..%2Fcore%3A%3Ahash%3Dbf773a%26locator%3D%2540onekeyfe%252Fonekey-tron-provider%2540workspace%253A.":
  version: 2.2.16
  resolution: "@onekeyfe/cross-inpage-provider-errors@file:../errors#../errors::hash=12172d&locator=%40onekeyfe%2Fcross-inpage-provider-core%40file%3A..%2F..%2Fcore%23..%2F..%2Fcore%3A%3Ahash%3Dbf773a%26locator%3D%2540onekeyfe%252Fonekey-tron-provider%2540workspace%253A."
  dependencies:
    fast-safe-stringify: "npm:^2.0.6"
  checksum: 10c0/60c4c61baf12a81f6a493649af1636760770c337eb9188154301f0a77afe242ea9070a24d78a05b459012dc50286d7ea835509881fcb3a8a5ed78600d4b1464e
  languageName: node
  linkType: hard

"@onekeyfe/cross-inpage-provider-events@file:../events::locator=%40onekeyfe%2Fcross-inpage-provider-core%40file%3A..%2F..%2Fcore%23..%2F..%2Fcore%3A%3Ahash%3Dbf773a%26locator%3D%2540onekeyfe%252Fextension-bridge-injected%2540file%253A..%252F..%252Fextension%252Fextension-bridge-injected%2523..%252F..%252Fextension%252Fextension-bridge-injected%253A%253Ahash%253D45936c%2526locator%253D%252540onekeyfe%25252Fonekey-tron-provider%252540workspace%25253A.":
  version: 2.2.16
  resolution: "@onekeyfe/cross-inpage-provider-events@file:../events#../events::hash=38bd31&locator=%40onekeyfe%2Fcross-inpage-provider-core%40file%3A..%2F..%2Fcore%23..%2F..%2Fcore%3A%3Ahash%3Dbf773a%26locator%3D%2540onekeyfe%252Fextension-bridge-injected%2540file%253A..%252F..%252Fextension%252Fextension-bridge-injected%2523..%252F..%252Fextension%252Fextension-bridge-injected%253A%253Ahash%253D45936c%2526locator%253D%252540onekeyfe%25252Fonekey-tron-provider%252540workspace%25253A."
  checksum: 10c0/4335e79dbdec5655d7073f2a5402fc966cd228df7540f45405c2a447535968846d18c96f6c5a2beff40226db89f5b7fe086d5534b132d1549540d5af5b036c53
  languageName: node
  linkType: hard

"@onekeyfe/cross-inpage-provider-events@file:../events::locator=%40onekeyfe%2Fcross-inpage-provider-core%40file%3A..%2F..%2Fcore%23..%2F..%2Fcore%3A%3Ahash%3Dbf773a%26locator%3D%2540onekeyfe%252Fonekey-tron-provider%2540workspace%253A.":
  version: 2.2.16
  resolution: "@onekeyfe/cross-inpage-provider-events@file:../events#../events::hash=38bd31&locator=%40onekeyfe%2Fcross-inpage-provider-core%40file%3A..%2F..%2Fcore%23..%2F..%2Fcore%3A%3Ahash%3Dbf773a%26locator%3D%2540onekeyfe%252Fonekey-tron-provider%2540workspace%253A."
  checksum: 10c0/4335e79dbdec5655d7073f2a5402fc966cd228df7540f45405c2a447535968846d18c96f6c5a2beff40226db89f5b7fe086d5534b132d1549540d5af5b036c53
  languageName: node
  linkType: hard

"@onekeyfe/cross-inpage-provider-types@file:../../types::locator=%40onekeyfe%2Fextension-bridge-injected%40file%3A..%2F..%2Fextension%2Fextension-bridge-injected%23..%2F..%2Fextension%2Fextension-bridge-injected%3A%3Ahash%3D45936c%26locator%3D%2540onekeyfe%252Fonekey-tron-provider%2540workspace%253A.":
  version: 2.2.16
  resolution: "@onekeyfe/cross-inpage-provider-types@file:../../types#../../types::hash=b64b30&locator=%40onekeyfe%2Fextension-bridge-injected%40file%3A..%2F..%2Fextension%2Fextension-bridge-injected%23..%2F..%2Fextension%2Fextension-bridge-injected%3A%3Ahash%3D45936c%26locator%3D%2540onekeyfe%252Fonekey-tron-provider%2540workspace%253A."
  checksum: 10c0/716e36d6fc16f3b864416d85bc0cdad57e0c46bd84b722c2138cf69681eb4237856021cc7847c95ead69cdf1b4fcfd87dac014b2a4a6e008a84bb7a0f4c5d51a
  languageName: node
  linkType: hard

"@onekeyfe/cross-inpage-provider-types@file:../../types::locator=%40onekeyfe%2Fonekey-tron-provider%40workspace%3A.":
  version: 2.2.16
  resolution: "@onekeyfe/cross-inpage-provider-types@file:../../types#../../types::hash=b64b30&locator=%40onekeyfe%2Fonekey-tron-provider%40workspace%3A."
  checksum: 10c0/716e36d6fc16f3b864416d85bc0cdad57e0c46bd84b722c2138cf69681eb4237856021cc7847c95ead69cdf1b4fcfd87dac014b2a4a6e008a84bb7a0f4c5d51a
  languageName: node
  linkType: hard

"@onekeyfe/cross-inpage-provider-types@file:../types::locator=%40onekeyfe%2Fcross-inpage-provider-core%40file%3A..%2F..%2Fcore%23..%2F..%2Fcore%3A%3Ahash%3Dbf773a%26locator%3D%2540onekeyfe%252Fextension-bridge-injected%2540file%253A..%252F..%252Fextension%252Fextension-bridge-injected%2523..%252F..%252Fextension%252Fextension-bridge-injected%253A%253Ahash%253D45936c%2526locator%253D%252540onekeyfe%25252Fonekey-tron-provider%252540workspace%25253A.":
  version: 2.2.16
  resolution: "@onekeyfe/cross-inpage-provider-types@file:../types#../types::hash=b64b30&locator=%40onekeyfe%2Fcross-inpage-provider-core%40file%3A..%2F..%2Fcore%23..%2F..%2Fcore%3A%3Ahash%3Dbf773a%26locator%3D%2540onekeyfe%252Fextension-bridge-injected%2540file%253A..%252F..%252Fextension%252Fextension-bridge-injected%2523..%252F..%252Fextension%252Fextension-bridge-injected%253A%253Ahash%253D45936c%2526locator%253D%252540onekeyfe%25252Fonekey-tron-provider%252540workspace%25253A."
  checksum: 10c0/716e36d6fc16f3b864416d85bc0cdad57e0c46bd84b722c2138cf69681eb4237856021cc7847c95ead69cdf1b4fcfd87dac014b2a4a6e008a84bb7a0f4c5d51a
  languageName: node
  linkType: hard

"@onekeyfe/cross-inpage-provider-types@file:../types::locator=%40onekeyfe%2Fcross-inpage-provider-core%40file%3A..%2F..%2Fcore%23..%2F..%2Fcore%3A%3Ahash%3Dbf773a%26locator%3D%2540onekeyfe%252Fonekey-tron-provider%2540workspace%253A.":
  version: 2.2.16
  resolution: "@onekeyfe/cross-inpage-provider-types@file:../types#../types::hash=b64b30&locator=%40onekeyfe%2Fcross-inpage-provider-core%40file%3A..%2F..%2Fcore%23..%2F..%2Fcore%3A%3Ahash%3Dbf773a%26locator%3D%2540onekeyfe%252Fonekey-tron-provider%2540workspace%253A."
  checksum: 10c0/716e36d6fc16f3b864416d85bc0cdad57e0c46bd84b722c2138cf69681eb4237856021cc7847c95ead69cdf1b4fcfd87dac014b2a4a6e008a84bb7a0f4c5d51a
  languageName: node
  linkType: hard

"@onekeyfe/extension-bridge-injected@file:../../extension/extension-bridge-injected::locator=%40onekeyfe%2Fonekey-tron-provider%40workspace%3A.":
  version: 2.2.16
  resolution: "@onekeyfe/extension-bridge-injected@file:../../extension/extension-bridge-injected#../../extension/extension-bridge-injected::hash=45936c&locator=%40onekeyfe%2Fonekey-tron-provider%40workspace%3A."
  dependencies:
    "@onekeyfe/cross-inpage-provider-core": "file:../../core"
    "@onekeyfe/cross-inpage-provider-types": "file:../../types"
  checksum: 10c0/122e36bd0e1372b3165008aeb497c4ccc72ff0a6c2af843797d46ea7b56565be95d794a2a75b7eb2215413fbda032af8b1e752bf4ae27af021160c140db9bc21
  languageName: node
  linkType: hard

"@onekeyfe/onekey-tron-provider@workspace:.":
  version: 0.0.0-use.local
  resolution: "@onekeyfe/onekey-tron-provider@workspace:."
  dependencies:
    "@noble/secp256k1": "npm:1.7.1"
    "@onekeyfe/cross-inpage-provider-core": "file:../../core"
    "@onekeyfe/cross-inpage-provider-errors": "file:../../errors"
    "@onekeyfe/cross-inpage-provider-types": "file:../../types"
    "@onekeyfe/extension-bridge-injected": "file:../../extension/extension-bridge-injected"
    "@types/lodash-es": "npm:^4.17.12"
    lodash-es: "npm:^4.17.21"
    querystring: "npm:^0.2.1"
    sunweb: "npm:^1.0.7"
    tronweb: "npm:^5.3.2"
  languageName: unknown
  linkType: soft

"@scure/base@npm:~1.1.6":
  version: 1.1.7
  resolution: "@scure/base@npm:1.1.7"
  checksum: 10c0/2d06aaf39e6de4b9640eb40d2e5419176ebfe911597856dcbf3bc6209277ddb83f4b4b02cb1fd1208f819654268ec083da68111d3530bbde07bae913e2fc2e5d
  languageName: node
  linkType: hard

"@scure/bip32@npm:1.4.0":
  version: 1.4.0
  resolution: "@scure/bip32@npm:1.4.0"
  dependencies:
    "@noble/curves": "npm:~1.4.0"
    "@noble/hashes": "npm:~1.4.0"
    "@scure/base": "npm:~1.1.6"
  checksum: 10c0/6849690d49a3bf1d0ffde9452eb16ab83478c1bc0da7b914f873e2930cd5acf972ee81320e3df1963eb247cf57e76d2d975b5f97093d37c0e3f7326581bf41bd
  languageName: node
  linkType: hard

"@scure/bip39@npm:1.3.0":
  version: 1.3.0
  resolution: "@scure/bip39@npm:1.3.0"
  dependencies:
    "@noble/hashes": "npm:~1.4.0"
    "@scure/base": "npm:~1.1.6"
  checksum: 10c0/1ae1545a7384a4d9e33e12d9e9f8824f29b0279eb175b0f0657c0a782c217920054f9a1d28eb316a417dfc6c4e0b700d6fbdc6da160670107426d52fcbe017a8
  languageName: node
  linkType: hard

"@tronweb3/google-protobuf@npm:^3.21.2":
  version: 3.21.2
  resolution: "@tronweb3/google-protobuf@npm:3.21.2"
  checksum: 10c0/76bf527589bf2d186b66add1373f9d3b7c1861d47b38511fa69a8b73124fa024350be2b2efb5c16464dc50828f492af552ab7f24887b9819b1f873dbb13a97a8
  languageName: node
  linkType: hard

"@types/lodash-es@npm:^4.17.12":
  version: 4.17.12
  resolution: "@types/lodash-es@npm:4.17.12"
  dependencies:
    "@types/lodash": "npm:*"
  checksum: 10c0/5d12d2cede07f07ab067541371ed1b838a33edb3c35cb81b73284e93c6fd0c4bbeaefee984e69294bffb53f62d7272c5d679fdba8e595ff71e11d00f2601dde0
  languageName: node
  linkType: hard

"@types/lodash@npm:*":
  version: 4.17.13
  resolution: "@types/lodash@npm:4.17.13"
  checksum: 10c0/c3d0b7efe7933ac0369b99f2f7bff9240d960680fdb74b41ed4bd1b3ca60cca1e31fe4046d9abbde778f941a41bc2a75eb629abf8659fa6c27b66efbbb0802a9
  languageName: node
  linkType: hard

"@types/node@npm:18.15.13":
  version: 18.15.13
  resolution: "@types/node@npm:18.15.13"
  checksum: 10c0/6e5f61c559e60670a7a8fb88e31226ecc18a21be103297ca4cf9848f0a99049dae77f04b7ae677205f2af494f3701b113ba8734f4b636b355477a6534dbb8ada
  languageName: node
  linkType: hard

"aes-js@npm:4.0.0-beta.5":
  version: 4.0.0-beta.5
  resolution: "aes-js@npm:4.0.0-beta.5"
  checksum: 10c0/444f4eefa1e602cbc4f2a3c644bc990f93fd982b148425fee17634da510586fc09da940dcf8ace1b2d001453c07ff042e55f7a0482b3cc9372bf1ef75479090c
  languageName: node
  linkType: hard

"asynckit@npm:^0.4.0":
  version: 0.4.0
  resolution: "asynckit@npm:0.4.0"
  checksum: 10c0/d73e2ddf20c4eb9337e1b3df1a0f6159481050a5de457c55b14ea2e5cb6d90bb69e004c9af54737a5ee0917fcf2c9e25de67777bbe58261847846066ba75bc9d
  languageName: node
  linkType: hard

"axios@npm:^1.6.2":
  version: 1.7.4
  resolution: "axios@npm:1.7.4"
  dependencies:
    follow-redirects: "npm:^1.15.6"
    form-data: "npm:^4.0.0"
    proxy-from-env: "npm:^1.1.0"
  checksum: 10c0/5ea1a93140ca1d49db25ef8e1bd8cfc59da6f9220159a944168860ad15a2743ea21c5df2967795acb15cbe81362f5b157fdebbea39d53117ca27658bab9f7f17
  languageName: node
  linkType: hard

"babel-runtime@npm:^6.26.0":
  version: 6.26.0
  resolution: "babel-runtime@npm:6.26.0"
  dependencies:
    core-js: "npm:^2.4.0"
    regenerator-runtime: "npm:^0.11.0"
  checksum: 10c0/caa752004936b1463765ed3199c52f6a55d0613b9bed108743d6f13ca532b821d4ea9decc4be1b583193164462b1e3e7eefdfa36b15c72e7daac58dd72c1772f
  languageName: node
  linkType: hard

"bignumber.js@npm:^9.0.1":
  version: 9.1.1
  resolution: "bignumber.js@npm:9.1.1"
  checksum: 10c0/950312b15d038ae06028c8a6901fb4efd57fa889ada8c887cebd856e79f2fc9667641bebfb2e2ea4cc694e663fd55c1fe6e62a7e8fe40bbdebdf92269537b802
  languageName: node
  linkType: hard

"bn.js@npm:^4.11.9":
  version: 4.12.0
  resolution: "bn.js@npm:4.12.0"
  checksum: 10c0/9736aaa317421b6b3ed038ff3d4491935a01419ac2d83ddcfebc5717385295fcfcf0c57311d90fe49926d0abbd7a9dbefdd8861e6129939177f7e67ebc645b21
  languageName: node
  linkType: hard

"bn.js@npm:^5.2.1":
  version: 5.2.1
  resolution: "bn.js@npm:5.2.1"
  checksum: 10c0/bed3d8bd34ec89dbcf9f20f88bd7d4a49c160fda3b561c7bb227501f974d3e435a48fb9b61bc3de304acab9215a3bda0803f7017ffb4d0016a0c3a740a283caa
  languageName: node
  linkType: hard

"brorand@npm:^1.1.0":
  version: 1.1.0
  resolution: "brorand@npm:1.1.0"
  checksum: 10c0/6f366d7c4990f82c366e3878492ba9a372a73163c09871e80d82fb4ae0d23f9f8924cb8a662330308206e6b3b76ba1d528b4601c9ef73c2166b440b2ea3b7571
  languageName: node
  linkType: hard

"combined-stream@npm:^1.0.8":
  version: 1.0.8
  resolution: "combined-stream@npm:1.0.8"
  dependencies:
    delayed-stream: "npm:~1.0.0"
  checksum: 10c0/0dbb829577e1b1e839fa82b40c07ffaf7de8a09b935cadd355a73652ae70a88b4320db322f6634a4ad93424292fa80973ac6480986247f1734a1137debf271d5
  languageName: node
  linkType: hard

"core-js@npm:^2.4.0":
  version: 2.6.12
  resolution: "core-js@npm:2.6.12"
  checksum: 10c0/00128efe427789120a06b819adc94cc72b96955acb331cb71d09287baf9bd37bebd191d91f1ee4939c893a050307ead4faea08876f09115112612b6a05684b63
  languageName: node
  linkType: hard

"delayed-stream@npm:~1.0.0":
  version: 1.0.0
  resolution: "delayed-stream@npm:1.0.0"
  checksum: 10c0/d758899da03392e6712f042bec80aa293bbe9e9ff1b2634baae6a360113e708b91326594c8a486d475c69d6259afb7efacdc3537bfcda1c6c648e390ce601b19
  languageName: node
  linkType: hard

"elliptic@npm:6.5.4":
  version: 6.5.4
  resolution: "elliptic@npm:6.5.4"
  dependencies:
    bn.js: "npm:^4.11.9"
    brorand: "npm:^1.1.0"
    hash.js: "npm:^1.0.0"
    hmac-drbg: "npm:^1.0.1"
    inherits: "npm:^2.0.4"
    minimalistic-assert: "npm:^1.0.1"
    minimalistic-crypto-utils: "npm:^1.0.1"
  checksum: 10c0/5f361270292c3b27cf0843e84526d11dec31652f03c2763c6c2b8178548175ff5eba95341dd62baff92b2265d1af076526915d8af6cc9cb7559c44a62f8ca6e2
  languageName: node
  linkType: hard

"ethereum-cryptography@npm:^2.0.0":
  version: 2.2.1
  resolution: "ethereum-cryptography@npm:2.2.1"
  dependencies:
    "@noble/curves": "npm:1.4.2"
    "@noble/hashes": "npm:1.4.0"
    "@scure/bip32": "npm:1.4.0"
    "@scure/bip39": "npm:1.3.0"
  checksum: 10c0/c6c7626d393980577b57f709878b2eb91f270fe56116044b1d7afb70d5c519cddc0c072e8c05e4a335e05342eb64d9c3ab39d52f78bb75f76ad70817da9645ef
  languageName: node
  linkType: hard

"ethers@npm:^6.6.0":
  version: 6.13.2
  resolution: "ethers@npm:6.13.2"
  dependencies:
    "@adraffy/ens-normalize": "npm:1.10.1"
    "@noble/curves": "npm:1.2.0"
    "@noble/hashes": "npm:1.3.2"
    "@types/node": "npm:18.15.13"
    aes-js: "npm:4.0.0-beta.5"
    tslib: "npm:2.4.0"
    ws: "npm:8.17.1"
  checksum: 10c0/5956389a180992f8b6d90bc21b2e0f28619a098513d3aeb7a350a0b7c5852d635a9d7fd4ced1af50c985dd88398716f66dfd4a2de96c5c3a67150b93543d92af
  languageName: node
  linkType: hard

"eventemitter3@npm:^3.1.0":
  version: 3.1.2
  resolution: "eventemitter3@npm:3.1.2"
  checksum: 10c0/c67262eccbf85848b7cc6d4abb6c6e34155e15686db2a01c57669fd0d44441a574a19d44d25948b442929e065774cbe5003d8e77eed47674fbf876ac77887793
  languageName: node
  linkType: hard

"events@npm:^3.3.0":
  version: 3.3.0
  resolution: "events@npm:3.3.0"
  checksum: 10c0/d6b6f2adbccbcda74ddbab52ed07db727ef52e31a61ed26db9feb7dc62af7fc8e060defa65e5f8af9449b86b52cc1a1f6a79f2eafcf4e62add2b7a1fa4a432f6
  languageName: node
  linkType: hard

"fast-safe-stringify@npm:^2.0.6":
  version: 2.1.1
  resolution: "fast-safe-stringify@npm:2.1.1"
  checksum: 10c0/d90ec1c963394919828872f21edaa3ad6f1dddd288d2bd4e977027afff09f5db40f94e39536d4646f7e01761d704d72d51dce5af1b93717f3489ef808f5f4e4d
  languageName: node
  linkType: hard

"follow-redirects@npm:^1.15.6":
  version: 1.15.6
  resolution: "follow-redirects@npm:1.15.6"
  peerDependenciesMeta:
    debug:
      optional: true
  checksum: 10c0/9ff767f0d7be6aa6870c82ac79cf0368cd73e01bbc00e9eb1c2a16fbb198ec105e3c9b6628bb98e9f3ac66fe29a957b9645bcb9a490bb7aa0d35f908b6b85071
  languageName: node
  linkType: hard

"form-data@npm:^4.0.0":
  version: 4.0.0
  resolution: "form-data@npm:4.0.0"
  dependencies:
    asynckit: "npm:^0.4.0"
    combined-stream: "npm:^1.0.8"
    mime-types: "npm:^2.1.12"
  checksum: 10c0/cb6f3ac49180be03ff07ba3ff125f9eba2ff0b277fb33c7fc47569fc5e616882c5b1c69b9904c4c4187e97dd0419dd03b134174756f296dec62041e6527e2c6e
  languageName: node
  linkType: hard

"hash.js@npm:1.1.7, hash.js@npm:^1.0.0, hash.js@npm:^1.0.3":
  version: 1.1.7
  resolution: "hash.js@npm:1.1.7"
  dependencies:
    inherits: "npm:^2.0.3"
    minimalistic-assert: "npm:^1.0.1"
  checksum: 10c0/41ada59494eac5332cfc1ce6b7ebdd7b88a3864a6d6b08a3ea8ef261332ed60f37f10877e0c825aaa4bddebf164fbffa618286aeeec5296675e2671cbfa746c4
  languageName: node
  linkType: hard

"hmac-drbg@npm:^1.0.1":
  version: 1.0.1
  resolution: "hmac-drbg@npm:1.0.1"
  dependencies:
    hash.js: "npm:^1.0.3"
    minimalistic-assert: "npm:^1.0.0"
    minimalistic-crypto-utils: "npm:^1.0.1"
  checksum: 10c0/f3d9ba31b40257a573f162176ac5930109816036c59a09f901eb2ffd7e5e705c6832bedfff507957125f2086a0ab8f853c0df225642a88bf1fcaea945f20600d
  languageName: node
  linkType: hard

"inherits@npm:^2.0.3, inherits@npm:^2.0.4":
  version: 2.0.4
  resolution: "inherits@npm:2.0.4"
  checksum: 10c0/4e531f648b29039fb7426fb94075e6545faa1eb9fe83c29f0b6d9e7263aceb4289d2d4557db0d428188eeb449cc7c5e77b0a0b2c4e248ff2a65933a0dee49ef2
  languageName: node
  linkType: hard

"injectpromise@npm:^1.0.0":
  version: 1.0.0
  resolution: "injectpromise@npm:1.0.0"
  checksum: 10c0/db5bb8f54ff5905cb47a83b70bc5a5fef2974dff9e3b3e1408ff1abbeded4d6b549c0f9208181a7ea6979172d8e007c782c66dc87f8829bbc7e4d67a8232123f
  languageName: node
  linkType: hard

"js-sha3@npm:0.8.0":
  version: 0.8.0
  resolution: "js-sha3@npm:0.8.0"
  checksum: 10c0/43a21dc7967c871bd2c46cb1c2ae97441a97169f324e509f382d43330d8f75cf2c96dba7c806ab08a425765a9c847efdd4bffbac2d99c3a4f3de6c0218f40533
  languageName: node
  linkType: hard

"lodash-es@npm:^4.17.21":
  version: 4.17.21
  resolution: "lodash-es@npm:4.17.21"
  checksum: 10c0/fb407355f7e6cd523a9383e76e6b455321f0f153a6c9625e21a8827d10c54c2a2341bd2ae8d034358b60e07325e1330c14c224ff582d04612a46a4f0479ff2f2
  languageName: node
  linkType: hard

"lodash@npm:^4.17.21":
  version: 4.17.21
  resolution: "lodash@npm:4.17.21"
  checksum: 10c0/d8cbea072bb08655bb4c989da418994b073a608dffa608b09ac04b43a791b12aeae7cd7ad919aa4c925f33b48490b5cfe6c1f71d827956071dae2e7bb3a6b74c
  languageName: node
  linkType: hard

"mime-db@npm:1.52.0":
  version: 1.52.0
  resolution: "mime-db@npm:1.52.0"
  checksum: 10c0/0557a01deebf45ac5f5777fe7740b2a5c309c6d62d40ceab4e23da9f821899ce7a900b7ac8157d4548ddbb7beffe9abc621250e6d182b0397ec7f10c7b91a5aa
  languageName: node
  linkType: hard

"mime-types@npm:^2.1.12":
  version: 2.1.35
  resolution: "mime-types@npm:2.1.35"
  dependencies:
    mime-db: "npm:1.52.0"
  checksum: 10c0/82fb07ec56d8ff1fc999a84f2f217aa46cb6ed1033fefaabd5785b9a974ed225c90dc72fff460259e66b95b73648596dbcc50d51ed69cdf464af2d237d3149b2
  languageName: node
  linkType: hard

"minimalistic-assert@npm:^1.0.0, minimalistic-assert@npm:^1.0.1":
  version: 1.0.1
  resolution: "minimalistic-assert@npm:1.0.1"
  checksum: 10c0/96730e5601cd31457f81a296f521eb56036e6f69133c0b18c13fe941109d53ad23a4204d946a0d638d7f3099482a0cec8c9bb6d642604612ce43ee536be3dddd
  languageName: node
  linkType: hard

"minimalistic-crypto-utils@npm:^1.0.1":
  version: 1.0.1
  resolution: "minimalistic-crypto-utils@npm:1.0.1"
  checksum: 10c0/790ecec8c5c73973a4fbf2c663d911033e8494d5fb0960a4500634766ab05d6107d20af896ca2132e7031741f19888154d44b2408ada0852446705441383e9f8
  languageName: node
  linkType: hard

"ms@npm:^2.1.3":
  version: 2.1.3
  resolution: "ms@npm:2.1.3"
  checksum: 10c0/d924b57e7312b3b63ad21fc5b3dc0af5e78d61a1fc7cfb5457edaf26326bf62be5307cc87ffb6862ef1c2b33b0233cdb5d4f01c4c958cc0d660948b65a287a48
  languageName: node
  linkType: hard

"proxy-from-env@npm:^1.1.0":
  version: 1.1.0
  resolution: "proxy-from-env@npm:1.1.0"
  checksum: 10c0/fe7dd8b1bdbbbea18d1459107729c3e4a2243ca870d26d34c2c1bcd3e4425b7bcc5112362df2d93cc7fb9746f6142b5e272fd1cc5c86ddf8580175186f6ad42b
  languageName: node
  linkType: hard

"querystring-es3@npm:^0.2.1":
  version: 0.2.1
  resolution: "querystring-es3@npm:0.2.1"
  checksum: 10c0/476938c1adb45c141f024fccd2ffd919a3746e79ed444d00e670aad68532977b793889648980e7ca7ff5ffc7bfece623118d0fbadcaf217495eeb7059ae51580
  languageName: node
  linkType: hard

"querystring@npm:^0.2.1":
  version: 0.2.1
  resolution: "querystring@npm:0.2.1"
  checksum: 10c0/6841b32bec4f16ffe7f5b5e4373b47ad451f079cde3a7f45e63e550f0ecfd8f8189ef81fb50079413b3fc1c59b06146e4c98192cb74ed7981aca72090466cd94
  languageName: node
  linkType: hard

"regenerator-runtime@npm:^0.11.0":
  version: 0.11.1
  resolution: "regenerator-runtime@npm:0.11.1"
  checksum: 10c0/69cfa839efcf2d627fe358bf302ab8b24e5f182cb69f13e66f0612d3640d7838aad1e55662135e3ef2c1cc4322315b757626094fab13a48f9a64ab4bdeb8795b
  languageName: node
  linkType: hard

"regenerator-runtime@npm:^0.13.11":
  version: 0.13.11
  resolution: "regenerator-runtime@npm:0.13.11"
  checksum: 10c0/12b069dc774001fbb0014f6a28f11c09ebfe3c0d984d88c9bced77fdb6fedbacbca434d24da9ae9371bfbf23f754869307fb51a4c98a8b8b18e5ef748677ca24
  languageName: node
  linkType: hard

"regenerator-runtime@npm:^0.13.4":
  version: 0.13.10
  resolution: "regenerator-runtime@npm:0.13.10"
  checksum: 10c0/2990a7a998ff6bf5caf5597c5671751f447560c5060ae5628469620a7ce640131bf0744c506d63c2166783121535da4ed782c3383371f945fb9a37481598a761
  languageName: node
  linkType: hard

"semver@npm:^5.6.0":
  version: 5.7.1
  resolution: "semver@npm:5.7.1"
  bin:
    semver: ./bin/semver
  checksum: 10c0/d4884f2aeca28bff35d0bd40ff0a9b2dfc4b36a883bf0ea5dc15d10d9a01bdc9041035b05f825d4b5ac8a56e490703dbf0d986d054de82cc5e9bad3f02ca6e00
  languageName: node
  linkType: hard

"sunweb@npm:^1.0.7":
  version: 1.1.0
  resolution: "sunweb@npm:1.1.0"
  dependencies:
    "@babel/runtime": "npm:^7.4.5"
    babel-runtime: "npm:^6.26.0"
    injectpromise: "npm:^1.0.0"
  checksum: 10c0/8b85724acb785e95dce40d6693035682aca8f3a9001336e35fd0f5c41b6a954a000b21c5bae7a69d9c0bd63722b6984624012c31bc2dd52f5ac2df76ef33d612
  languageName: node
  linkType: hard

"tronweb@npm:^5.3.2":
  version: 5.3.2
  resolution: "tronweb@npm:5.3.2"
  dependencies:
    "@babel/runtime": "npm:^7.0.0"
    "@ethersproject/abi": "npm:^5.7.0"
    "@tronweb3/google-protobuf": "npm:^3.21.2"
    axios: "npm:^1.6.2"
    bignumber.js: "npm:^9.0.1"
    ethereum-cryptography: "npm:^2.0.0"
    ethers: "npm:^6.6.0"
    eventemitter3: "npm:^3.1.0"
    injectpromise: "npm:^1.0.0"
    lodash: "npm:^4.17.21"
    querystring-es3: "npm:^0.2.1"
    semver: "npm:^5.6.0"
    validator: "npm:^13.7.0"
  checksum: 10c0/dd182f1b98c0ec0b938643120c9aae1b09d6241ca05362b292c55724cd9c519645d633ca88f42c4efa23b465e4184efbb8cd13ac682fcf702eaae97d7ee01fce
  languageName: node
  linkType: hard

"tslib@npm:2.4.0":
  version: 2.4.0
  resolution: "tslib@npm:2.4.0"
  checksum: 10c0/eb19bda3ae545b03caea6a244b34593468e23d53b26bf8649fbc20fce43e9b21a71127fd6d2b9662c0fe48ee6ff668ead48fd00d3b88b2b716b1c12edae25b5d
  languageName: node
  linkType: hard

"validator@npm:^13.7.0":
  version: 13.9.0
  resolution: "validator@npm:13.9.0"
  checksum: 10c0/0a0af4b37779671b53ef790aa9d36f71a605c9d41c6daf198d2a1051ce549bcdca3313fa3b52c8fa24577e1a4968ec9404ad8a928d3607d51bccef6d6e33bee7
  languageName: node
  linkType: hard

"ws@npm:8.17.1":
  version: 8.17.1
  resolution: "ws@npm:8.17.1"
  peerDependencies:
    bufferutil: ^4.0.1
    utf-8-validate: ">=5.0.2"
  peerDependenciesMeta:
    bufferutil:
      optional: true
    utf-8-validate:
      optional: true
  checksum: 10c0/f4a49064afae4500be772abdc2211c8518f39e1c959640457dcee15d4488628620625c783902a52af2dd02f68558da2868fd06e6fd0e67ebcd09e6881b1b5bfe
  languageName: node
  linkType: hard
