# This file is generated by running "yarn install" inside your project.
# Manual changes might be lost - proceed with caution!

__metadata:
  version: 8
  cacheKey: 10c0

"@aptos-labs/aptos-cli@npm:^1.0.2":
  version: 1.0.2
  resolution: "@aptos-labs/aptos-cli@npm:1.0.2"
  dependencies:
    commander: "npm:^12.1.0"
  bin:
    aptos: dist/aptos.js
  checksum: 10c0/ef4730de6f4c7fbdbf3f03475e6ab254465bec681abb9b5cd1d6b91d2331ace3584ad1eabbcd75d601c5ce4360b531224ef3cbd18b0bb1ebfd8921184de618d7
  languageName: node
  linkType: hard

"@aptos-labs/aptos-client@npm:^0.1.1":
  version: 0.1.1
  resolution: "@aptos-labs/aptos-client@npm:0.1.1"
  dependencies:
    axios: "npm:1.7.4"
    got: "npm:^11.8.6"
  checksum: 10c0/779acbb0139ee12dfec9d9aeb3bc00691ce611c9bd28d090b5d56efc347e24643b72b4c061d138cc05a11b61712d84af17dfc9bcd0b2cab4687d12b7ab6aa1f7
  languageName: node
  linkType: hard

"@aptos-labs/ts-sdk@npm:^1.30.0":
  version: 1.33.0
  resolution: "@aptos-labs/ts-sdk@npm:1.33.0"
  dependencies:
    "@aptos-labs/aptos-cli": "npm:^1.0.2"
    "@aptos-labs/aptos-client": "npm:^0.1.1"
    "@noble/curves": "npm:^1.4.0"
    "@noble/hashes": "npm:^1.4.0"
    "@scure/bip32": "npm:^1.4.0"
    "@scure/bip39": "npm:^1.3.0"
    eventemitter3: "npm:^5.0.1"
    form-data: "npm:^4.0.0"
    js-base64: "npm:^3.7.7"
    jwt-decode: "npm:^4.0.0"
    poseidon-lite: "npm:^0.2.0"
  checksum: 10c0/4a569fa9bcdedb1e6cfa6e605cf2033eae046ffa6f449b710eaf0762aa0330ac716c766e213863b38117462543a98f05a7dc9db5c8e3691a0701e5f710adf31f
  languageName: node
  linkType: hard

"@aptos-labs/wallet-standard@npm:^0.2.0":
  version: 0.2.0
  resolution: "@aptos-labs/wallet-standard@npm:0.2.0"
  peerDependencies:
    "@aptos-labs/ts-sdk": ^1.17.0
    "@wallet-standard/core": ^1.0.3
  checksum: 10c0/d0a874fb42a509c66a6ab4accb72871dfb66dfbe02396d898fa5c3f60ea6a3c4aae3ebb90a37279bbca4212d004f6c252b6988fb9667b22981a4a5899f53d389
  languageName: node
  linkType: hard

"@noble/curves@npm:^1.4.0, @noble/curves@npm:~1.7.0":
  version: 1.7.0
  resolution: "@noble/curves@npm:1.7.0"
  dependencies:
    "@noble/hashes": "npm:1.6.0"
  checksum: 10c0/3317ec9b7699d2476707a89ceb3ddce60e69bac287561a31dd533669408633e093860fea5067eb9c54e5a7ced0705da1cba8859b6b1e0c48d3afff55fe2e77d0
  languageName: node
  linkType: hard

"@noble/hashes@npm:1.1.3":
  version: 1.1.3
  resolution: "@noble/hashes@npm:1.1.3"
  checksum: 10c0/362719c36ba26d295ec20bc640c71ec56cf3cfaf3bd4708c2b9e7cff43703f94f74f20f852fee67dbe072ee159f81a8ac7adc86979cd813d8f5c0634ec769ec9
  languageName: node
  linkType: hard

"@noble/hashes@npm:1.6.0":
  version: 1.6.0
  resolution: "@noble/hashes@npm:1.6.0"
  checksum: 10c0/e7e75898257fb36d933935fcdf1cc67ca7c083eb7b2411aa57fde7eb494c2cea0bec03686462032e25d5b0e1e4ab7357d1afb6718f6a68515db1f392141e9f14
  languageName: node
  linkType: hard

"@noble/hashes@npm:^1.4.0, @noble/hashes@npm:~1.6.0":
  version: 1.6.1
  resolution: "@noble/hashes@npm:1.6.1"
  checksum: 10c0/27643cd8b551bc933b57cc29aa8c8763d586552fc4c3e06ecf7897f55be3463c0c9dff7f6ebacd88e5ce6d0cdb5415ca4874d0cf4359b5ea4a85be21ada03aab
  languageName: node
  linkType: hard

"@noble/hashes@npm:~1.1.1":
  version: 1.1.2
  resolution: "@noble/hashes@npm:1.1.2"
  checksum: 10c0/452a197522dabd163cf5297fe7b768fabba73072a198752074da6fce7c1438c7f614b27891391e9f6b118842656a4da4c0fc04e464ba1e15f306291d05dd106a
  languageName: node
  linkType: hard

"@onekeyfe/cross-inpage-provider-core@file:../../core::locator=%40onekeyfe%2Fextension-bridge-injected%40file%3A..%2F..%2Fextension%2Fextension-bridge-injected%23..%2F..%2Fextension%2Fextension-bridge-injected%3A%3Ahash%3D45936c%26locator%3D%2540onekeyfe%252Fonekey-aptos-provider%2540workspace%253A.":
  version: 2.2.16
  resolution: "@onekeyfe/cross-inpage-provider-core@file:../../core#../../core::hash=bf773a&locator=%40onekeyfe%2Fextension-bridge-injected%40file%3A..%2F..%2Fextension%2Fextension-bridge-injected%23..%2F..%2Fextension%2Fextension-bridge-injected%3A%3Ahash%3D45936c%26locator%3D%2540onekeyfe%252Fonekey-aptos-provider%2540workspace%253A."
  dependencies:
    "@onekeyfe/cross-inpage-provider-errors": "file:../errors"
    "@onekeyfe/cross-inpage-provider-events": "file:../events"
    "@onekeyfe/cross-inpage-provider-types": "file:../types"
    events: "npm:^3.3.0"
    lodash-es: "npm:^4.17.21"
    ms: "npm:^2.1.3"
  checksum: 10c0/9823bbeadcb6b902890d1052b79905b53ceb9222d96b9f9d539010c3fb44c1e17800f78f7cf049d14c0a16bfd806ffdf818e7ad3a0fa52dfabe9ffb2e856216b
  languageName: node
  linkType: hard

"@onekeyfe/cross-inpage-provider-core@file:../../core::locator=%40onekeyfe%2Fonekey-aptos-provider%40workspace%3A.":
  version: 2.2.16
  resolution: "@onekeyfe/cross-inpage-provider-core@file:../../core#../../core::hash=bf773a&locator=%40onekeyfe%2Fonekey-aptos-provider%40workspace%3A."
  dependencies:
    "@onekeyfe/cross-inpage-provider-errors": "file:../errors"
    "@onekeyfe/cross-inpage-provider-events": "file:../events"
    "@onekeyfe/cross-inpage-provider-types": "file:../types"
    events: "npm:^3.3.0"
    lodash-es: "npm:^4.17.21"
    ms: "npm:^2.1.3"
  checksum: 10c0/9823bbeadcb6b902890d1052b79905b53ceb9222d96b9f9d539010c3fb44c1e17800f78f7cf049d14c0a16bfd806ffdf818e7ad3a0fa52dfabe9ffb2e856216b
  languageName: node
  linkType: hard

"@onekeyfe/cross-inpage-provider-errors@file:../../errors::locator=%40onekeyfe%2Fonekey-aptos-provider%40workspace%3A.":
  version: 2.2.16
  resolution: "@onekeyfe/cross-inpage-provider-errors@file:../../errors#../../errors::hash=12172d&locator=%40onekeyfe%2Fonekey-aptos-provider%40workspace%3A."
  dependencies:
    fast-safe-stringify: "npm:^2.0.6"
  checksum: 10c0/60c4c61baf12a81f6a493649af1636760770c337eb9188154301f0a77afe242ea9070a24d78a05b459012dc50286d7ea835509881fcb3a8a5ed78600d4b1464e
  languageName: node
  linkType: hard

"@onekeyfe/cross-inpage-provider-errors@file:../errors::locator=%40onekeyfe%2Fcross-inpage-provider-core%40file%3A..%2F..%2Fcore%23..%2F..%2Fcore%3A%3Ahash%3Dbf773a%26locator%3D%2540onekeyfe%252Fextension-bridge-injected%2540file%253A..%252F..%252Fextension%252Fextension-bridge-injected%2523..%252F..%252Fextension%252Fextension-bridge-injected%253A%253Ahash%253D45936c%2526locator%253D%252540onekeyfe%25252Fonekey-aptos-provider%252540workspace%25253A.":
  version: 2.2.16
  resolution: "@onekeyfe/cross-inpage-provider-errors@file:../errors#../errors::hash=12172d&locator=%40onekeyfe%2Fcross-inpage-provider-core%40file%3A..%2F..%2Fcore%23..%2F..%2Fcore%3A%3Ahash%3Dbf773a%26locator%3D%2540onekeyfe%252Fextension-bridge-injected%2540file%253A..%252F..%252Fextension%252Fextension-bridge-injected%2523..%252F..%252Fextension%252Fextension-bridge-injected%253A%253Ahash%253D45936c%2526locator%253D%252540onekeyfe%25252Fonekey-aptos-provider%252540workspace%25253A."
  dependencies:
    fast-safe-stringify: "npm:^2.0.6"
  checksum: 10c0/60c4c61baf12a81f6a493649af1636760770c337eb9188154301f0a77afe242ea9070a24d78a05b459012dc50286d7ea835509881fcb3a8a5ed78600d4b1464e
  languageName: node
  linkType: hard

"@onekeyfe/cross-inpage-provider-errors@file:../errors::locator=%40onekeyfe%2Fcross-inpage-provider-core%40file%3A..%2F..%2Fcore%23..%2F..%2Fcore%3A%3Ahash%3Dbf773a%26locator%3D%2540onekeyfe%252Fonekey-aptos-provider%2540workspace%253A.":
  version: 2.2.16
  resolution: "@onekeyfe/cross-inpage-provider-errors@file:../errors#../errors::hash=12172d&locator=%40onekeyfe%2Fcross-inpage-provider-core%40file%3A..%2F..%2Fcore%23..%2F..%2Fcore%3A%3Ahash%3Dbf773a%26locator%3D%2540onekeyfe%252Fonekey-aptos-provider%2540workspace%253A."
  dependencies:
    fast-safe-stringify: "npm:^2.0.6"
  checksum: 10c0/60c4c61baf12a81f6a493649af1636760770c337eb9188154301f0a77afe242ea9070a24d78a05b459012dc50286d7ea835509881fcb3a8a5ed78600d4b1464e
  languageName: node
  linkType: hard

"@onekeyfe/cross-inpage-provider-events@file:../events::locator=%40onekeyfe%2Fcross-inpage-provider-core%40file%3A..%2F..%2Fcore%23..%2F..%2Fcore%3A%3Ahash%3Dbf773a%26locator%3D%2540onekeyfe%252Fextension-bridge-injected%2540file%253A..%252F..%252Fextension%252Fextension-bridge-injected%2523..%252F..%252Fextension%252Fextension-bridge-injected%253A%253Ahash%253D45936c%2526locator%253D%252540onekeyfe%25252Fonekey-aptos-provider%252540workspace%25253A.":
  version: 2.2.16
  resolution: "@onekeyfe/cross-inpage-provider-events@file:../events#../events::hash=38bd31&locator=%40onekeyfe%2Fcross-inpage-provider-core%40file%3A..%2F..%2Fcore%23..%2F..%2Fcore%3A%3Ahash%3Dbf773a%26locator%3D%2540onekeyfe%252Fextension-bridge-injected%2540file%253A..%252F..%252Fextension%252Fextension-bridge-injected%2523..%252F..%252Fextension%252Fextension-bridge-injected%253A%253Ahash%253D45936c%2526locator%253D%252540onekeyfe%25252Fonekey-aptos-provider%252540workspace%25253A."
  checksum: 10c0/4335e79dbdec5655d7073f2a5402fc966cd228df7540f45405c2a447535968846d18c96f6c5a2beff40226db89f5b7fe086d5534b132d1549540d5af5b036c53
  languageName: node
  linkType: hard

"@onekeyfe/cross-inpage-provider-events@file:../events::locator=%40onekeyfe%2Fcross-inpage-provider-core%40file%3A..%2F..%2Fcore%23..%2F..%2Fcore%3A%3Ahash%3Dbf773a%26locator%3D%2540onekeyfe%252Fonekey-aptos-provider%2540workspace%253A.":
  version: 2.2.16
  resolution: "@onekeyfe/cross-inpage-provider-events@file:../events#../events::hash=38bd31&locator=%40onekeyfe%2Fcross-inpage-provider-core%40file%3A..%2F..%2Fcore%23..%2F..%2Fcore%3A%3Ahash%3Dbf773a%26locator%3D%2540onekeyfe%252Fonekey-aptos-provider%2540workspace%253A."
  checksum: 10c0/4335e79dbdec5655d7073f2a5402fc966cd228df7540f45405c2a447535968846d18c96f6c5a2beff40226db89f5b7fe086d5534b132d1549540d5af5b036c53
  languageName: node
  linkType: hard

"@onekeyfe/cross-inpage-provider-types@file:../../types::locator=%40onekeyfe%2Fextension-bridge-injected%40file%3A..%2F..%2Fextension%2Fextension-bridge-injected%23..%2F..%2Fextension%2Fextension-bridge-injected%3A%3Ahash%3D45936c%26locator%3D%2540onekeyfe%252Fonekey-aptos-provider%2540workspace%253A.":
  version: 2.2.16
  resolution: "@onekeyfe/cross-inpage-provider-types@file:../../types#../../types::hash=b64b30&locator=%40onekeyfe%2Fextension-bridge-injected%40file%3A..%2F..%2Fextension%2Fextension-bridge-injected%23..%2F..%2Fextension%2Fextension-bridge-injected%3A%3Ahash%3D45936c%26locator%3D%2540onekeyfe%252Fonekey-aptos-provider%2540workspace%253A."
  checksum: 10c0/716e36d6fc16f3b864416d85bc0cdad57e0c46bd84b722c2138cf69681eb4237856021cc7847c95ead69cdf1b4fcfd87dac014b2a4a6e008a84bb7a0f4c5d51a
  languageName: node
  linkType: hard

"@onekeyfe/cross-inpage-provider-types@file:../../types::locator=%40onekeyfe%2Fonekey-aptos-provider%40workspace%3A.":
  version: 2.2.16
  resolution: "@onekeyfe/cross-inpage-provider-types@file:../../types#../../types::hash=b64b30&locator=%40onekeyfe%2Fonekey-aptos-provider%40workspace%3A."
  checksum: 10c0/716e36d6fc16f3b864416d85bc0cdad57e0c46bd84b722c2138cf69681eb4237856021cc7847c95ead69cdf1b4fcfd87dac014b2a4a6e008a84bb7a0f4c5d51a
  languageName: node
  linkType: hard

"@onekeyfe/cross-inpage-provider-types@file:../types::locator=%40onekeyfe%2Fcross-inpage-provider-core%40file%3A..%2F..%2Fcore%23..%2F..%2Fcore%3A%3Ahash%3Dbf773a%26locator%3D%2540onekeyfe%252Fextension-bridge-injected%2540file%253A..%252F..%252Fextension%252Fextension-bridge-injected%2523..%252F..%252Fextension%252Fextension-bridge-injected%253A%253Ahash%253D45936c%2526locator%253D%252540onekeyfe%25252Fonekey-aptos-provider%252540workspace%25253A.":
  version: 2.2.16
  resolution: "@onekeyfe/cross-inpage-provider-types@file:../types#../types::hash=b64b30&locator=%40onekeyfe%2Fcross-inpage-provider-core%40file%3A..%2F..%2Fcore%23..%2F..%2Fcore%3A%3Ahash%3Dbf773a%26locator%3D%2540onekeyfe%252Fextension-bridge-injected%2540file%253A..%252F..%252Fextension%252Fextension-bridge-injected%2523..%252F..%252Fextension%252Fextension-bridge-injected%253A%253Ahash%253D45936c%2526locator%253D%252540onekeyfe%25252Fonekey-aptos-provider%252540workspace%25253A."
  checksum: 10c0/716e36d6fc16f3b864416d85bc0cdad57e0c46bd84b722c2138cf69681eb4237856021cc7847c95ead69cdf1b4fcfd87dac014b2a4a6e008a84bb7a0f4c5d51a
  languageName: node
  linkType: hard

"@onekeyfe/cross-inpage-provider-types@file:../types::locator=%40onekeyfe%2Fcross-inpage-provider-core%40file%3A..%2F..%2Fcore%23..%2F..%2Fcore%3A%3Ahash%3Dbf773a%26locator%3D%2540onekeyfe%252Fonekey-aptos-provider%2540workspace%253A.":
  version: 2.2.16
  resolution: "@onekeyfe/cross-inpage-provider-types@file:../types#../types::hash=b64b30&locator=%40onekeyfe%2Fcross-inpage-provider-core%40file%3A..%2F..%2Fcore%23..%2F..%2Fcore%3A%3Ahash%3Dbf773a%26locator%3D%2540onekeyfe%252Fonekey-aptos-provider%2540workspace%253A."
  checksum: 10c0/716e36d6fc16f3b864416d85bc0cdad57e0c46bd84b722c2138cf69681eb4237856021cc7847c95ead69cdf1b4fcfd87dac014b2a4a6e008a84bb7a0f4c5d51a
  languageName: node
  linkType: hard

"@onekeyfe/extension-bridge-injected@file:../../extension/extension-bridge-injected::locator=%40onekeyfe%2Fonekey-aptos-provider%40workspace%3A.":
  version: 2.2.16
  resolution: "@onekeyfe/extension-bridge-injected@file:../../extension/extension-bridge-injected#../../extension/extension-bridge-injected::hash=45936c&locator=%40onekeyfe%2Fonekey-aptos-provider%40workspace%3A."
  dependencies:
    "@onekeyfe/cross-inpage-provider-core": "file:../../core"
    "@onekeyfe/cross-inpage-provider-types": "file:../../types"
  checksum: 10c0/122e36bd0e1372b3165008aeb497c4ccc72ff0a6c2af843797d46ea7b56565be95d794a2a75b7eb2215413fbda032af8b1e752bf4ae27af021160c140db9bc21
  languageName: node
  linkType: hard

"@onekeyfe/onekey-aptos-provider@workspace:.":
  version: 0.0.0-use.local
  resolution: "@onekeyfe/onekey-aptos-provider@workspace:."
  dependencies:
    "@aptos-labs/ts-sdk": "npm:^1.30.0"
    "@aptos-labs/wallet-standard": "npm:^0.2.0"
    "@onekeyfe/cross-inpage-provider-core": "file:../../core"
    "@onekeyfe/cross-inpage-provider-errors": "file:../../errors"
    "@onekeyfe/cross-inpage-provider-types": "file:../../types"
    "@onekeyfe/extension-bridge-injected": "file:../../extension/extension-bridge-injected"
    "@wallet-standard/core": "npm:1.0.3"
    aptos: "npm:^1.3.17"
    eth-rpc-errors: "npm:^4.0.3"
  peerDependencies:
    "@aptos-labs/ts-sdk": ^1.30.0
  languageName: unknown
  linkType: soft

"@scure/base@npm:~1.1.0":
  version: 1.1.1
  resolution: "@scure/base@npm:1.1.1"
  checksum: 10c0/97d200da8915ca18a4eceb73c23dda7fc3a4b8509f620c9b7756ee451d7c9ebbc828c6662f9ffa047806fbe41f37bf236c6ef75692690688b7659196cb2dc804
  languageName: node
  linkType: hard

"@scure/base@npm:~1.2.1":
  version: 1.2.1
  resolution: "@scure/base@npm:1.2.1"
  checksum: 10c0/e61068854370855b89c50c28fa4092ea6780f1e0db64ea94075ab574ebcc964f719a3120dc708db324991f4b3e652d92ebda03fce2bf6a4900ceeacf9c0ff933
  languageName: node
  linkType: hard

"@scure/bip32@npm:^1.4.0":
  version: 1.6.0
  resolution: "@scure/bip32@npm:1.6.0"
  dependencies:
    "@noble/curves": "npm:~1.7.0"
    "@noble/hashes": "npm:~1.6.0"
    "@scure/base": "npm:~1.2.1"
  checksum: 10c0/5a5eff8c0bc0b53d70528c5eda6efa7ed6d186a5c9ba0a339edf9c150ee3f331d837ffe29d2c6c6336b1f88ad90aa8b6e596a4950217343f36916d8024f79bdf
  languageName: node
  linkType: hard

"@scure/bip39@npm:1.1.0":
  version: 1.1.0
  resolution: "@scure/bip39@npm:1.1.0"
  dependencies:
    "@noble/hashes": "npm:~1.1.1"
    "@scure/base": "npm:~1.1.0"
  checksum: 10c0/f6fc291b03155742daf9861482a13d9108ee6e9a32cb4cec34f7e424b8bf2a21cee73e4e4ef464911c4c0fa3906fefcf1bf0208127a878b5f02b6e50647fbbe8
  languageName: node
  linkType: hard

"@scure/bip39@npm:^1.3.0":
  version: 1.5.0
  resolution: "@scure/bip39@npm:1.5.0"
  dependencies:
    "@noble/hashes": "npm:~1.6.0"
    "@scure/base": "npm:~1.2.1"
  checksum: 10c0/114ab88fb00269d17a73d5c39a2cade47403e05f6df5a8d6f5da6e7f2b071966fe8f656a740dc3399acd006163f234e82b680544c38004703dbb60f8a29daf73
  languageName: node
  linkType: hard

"@sindresorhus/is@npm:^4.0.0":
  version: 4.6.0
  resolution: "@sindresorhus/is@npm:4.6.0"
  checksum: 10c0/33b6fb1d0834ec8dd7689ddc0e2781c2bfd8b9c4e4bacbcb14111e0ae00621f2c264b8a7d36541799d74888b5dccdf422a891a5cb5a709ace26325eedc81e22e
  languageName: node
  linkType: hard

"@szmarczak/http-timer@npm:^4.0.5":
  version: 4.0.6
  resolution: "@szmarczak/http-timer@npm:4.0.6"
  dependencies:
    defer-to-connect: "npm:^2.0.0"
  checksum: 10c0/73946918c025339db68b09abd91fa3001e87fc749c619d2e9c2003a663039d4c3cb89836c98a96598b3d47dec2481284ba85355392644911f5ecd2336536697f
  languageName: node
  linkType: hard

"@types/cacheable-request@npm:^6.0.1":
  version: 6.0.3
  resolution: "@types/cacheable-request@npm:6.0.3"
  dependencies:
    "@types/http-cache-semantics": "npm:*"
    "@types/keyv": "npm:^3.1.4"
    "@types/node": "npm:*"
    "@types/responselike": "npm:^1.0.0"
  checksum: 10c0/10816a88e4e5b144d43c1d15a81003f86d649776c7f410c9b5e6579d0ad9d4ca71c541962fb403077388b446e41af7ae38d313e46692144985f006ac5e11fa03
  languageName: node
  linkType: hard

"@types/http-cache-semantics@npm:*":
  version: 4.0.4
  resolution: "@types/http-cache-semantics@npm:4.0.4"
  checksum: 10c0/51b72568b4b2863e0fe8d6ce8aad72a784b7510d72dc866215642da51d84945a9459fa89f49ec48f1e9a1752e6a78e85a4cda0ded06b1c73e727610c925f9ce6
  languageName: node
  linkType: hard

"@types/keyv@npm:^3.1.4":
  version: 3.1.4
  resolution: "@types/keyv@npm:3.1.4"
  dependencies:
    "@types/node": "npm:*"
  checksum: 10c0/ff8f54fc49621210291f815fe5b15d809fd7d032941b3180743440bd507ecdf08b9e844625fa346af568c84bf34114eb378dcdc3e921a08ba1e2a08d7e3c809c
  languageName: node
  linkType: hard

"@types/node@npm:*":
  version: 22.10.0
  resolution: "@types/node@npm:22.10.0"
  dependencies:
    undici-types: "npm:~6.20.0"
  checksum: 10c0/efb3783b6fe74b4300c5bdd4f245f1025887d9b1d0950edae584af58a30d95cc058c10b4b3428f8300e4318468b605240c2ede8fcfb6ead2e0f05bca31e54c1b
  languageName: node
  linkType: hard

"@types/responselike@npm:^1.0.0":
  version: 1.0.3
  resolution: "@types/responselike@npm:1.0.3"
  dependencies:
    "@types/node": "npm:*"
  checksum: 10c0/a58ba341cb9e7d74f71810a88862da7b2a6fa42e2a1fc0ce40498f6ea1d44382f0640117057da779f74c47039f7166bf48fad02dc876f94e005c7afa50f5e129
  languageName: node
  linkType: hard

"@wallet-standard/app@npm:^1.0.1":
  version: 1.0.1
  resolution: "@wallet-standard/app@npm:1.0.1"
  dependencies:
    "@wallet-standard/base": "npm:^1.0.1"
  checksum: 10c0/4652babe9c7eb26791a13ec3c8f9700d52dd8cfb03a26906b8ad63de5962dca9d67bbab0e32ecc64beab7ea042dca8aa1bec81a50ae6aac4f1e9d2b6b74ce563
  languageName: node
  linkType: hard

"@wallet-standard/base@npm:^1.0.1":
  version: 1.0.1
  resolution: "@wallet-standard/base@npm:1.0.1"
  checksum: 10c0/16d38671219f7f931ee6823cbbd199948849fb1931cb8da26a5eab6545a9085a608ba22b7dccb8ac3075b7017df4eb3031b1162c72bbaac653a4f1afc0d1ad71
  languageName: node
  linkType: hard

"@wallet-standard/core@npm:1.0.3":
  version: 1.0.3
  resolution: "@wallet-standard/core@npm:1.0.3"
  dependencies:
    "@wallet-standard/app": "npm:^1.0.1"
    "@wallet-standard/base": "npm:^1.0.1"
    "@wallet-standard/features": "npm:^1.0.3"
    "@wallet-standard/wallet": "npm:^1.0.1"
  checksum: 10c0/4dc2e18d64861bc267e4033f2f28093d0da760c1af148fc78e7cd87cfe9e716811c587825c9ca434b3d0809a8bc2a8e3d0032a3ce5df568ac3f3ac5cf33db932
  languageName: node
  linkType: hard

"@wallet-standard/features@npm:^1.0.3":
  version: 1.0.3
  resolution: "@wallet-standard/features@npm:1.0.3"
  dependencies:
    "@wallet-standard/base": "npm:^1.0.1"
  checksum: 10c0/d243442da3e86c5610226a7fb67a71fe6b7737d771cbeafe5ffbac4b5c938925c4edc22751f5a910148fe9e18dcfcaee3327170e622d77fbce324f6feebfd63f
  languageName: node
  linkType: hard

"@wallet-standard/wallet@npm:^1.0.1":
  version: 1.0.1
  resolution: "@wallet-standard/wallet@npm:1.0.1"
  dependencies:
    "@wallet-standard/base": "npm:^1.0.1"
  checksum: 10c0/4aaecb40ef56a49918a9629a1bc7848ab0d642e2e53811c7369e63186d2f02487d0317d6f28a52c17ef26270e308c6fb86288ce3ec984645fb37929e1bc59b8c
  languageName: node
  linkType: hard

"aptos@npm:^1.3.17":
  version: 1.3.17
  resolution: "aptos@npm:1.3.17"
  dependencies:
    "@noble/hashes": "npm:1.1.3"
    "@scure/bip39": "npm:1.1.0"
    axios: "npm:0.27.2"
    form-data: "npm:4.0.0"
    tweetnacl: "npm:1.0.3"
  checksum: 10c0/2a7528e3c47c4394f4ef2a37737249ac42ef2bcaf3f40f093bc3dc662dfe021933139e0020ab0fc8556cbbcc56cdac33208ee112e4d6af422bfded1103275fd9
  languageName: node
  linkType: hard

"asynckit@npm:^0.4.0":
  version: 0.4.0
  resolution: "asynckit@npm:0.4.0"
  checksum: 10c0/d73e2ddf20c4eb9337e1b3df1a0f6159481050a5de457c55b14ea2e5cb6d90bb69e004c9af54737a5ee0917fcf2c9e25de67777bbe58261847846066ba75bc9d
  languageName: node
  linkType: hard

"axios@npm:0.27.2":
  version: 0.27.2
  resolution: "axios@npm:0.27.2"
  dependencies:
    follow-redirects: "npm:^1.14.9"
    form-data: "npm:^4.0.0"
  checksum: 10c0/76d673d2a90629944b44d6f345f01e58e9174690f635115d5ffd4aca495d99bcd8f95c590d5ccb473513f5ebc1d1a6e8934580d0c57cdd0498c3a101313ef771
  languageName: node
  linkType: hard

"axios@npm:1.7.4":
  version: 1.7.4
  resolution: "axios@npm:1.7.4"
  dependencies:
    follow-redirects: "npm:^1.15.6"
    form-data: "npm:^4.0.0"
    proxy-from-env: "npm:^1.1.0"
  checksum: 10c0/5ea1a93140ca1d49db25ef8e1bd8cfc59da6f9220159a944168860ad15a2743ea21c5df2967795acb15cbe81362f5b157fdebbea39d53117ca27658bab9f7f17
  languageName: node
  linkType: hard

"cacheable-lookup@npm:^5.0.3":
  version: 5.0.4
  resolution: "cacheable-lookup@npm:5.0.4"
  checksum: 10c0/a6547fb4954b318aa831cbdd2f7b376824bc784fb1fa67610e4147099e3074726072d9af89f12efb69121415a0e1f2918a8ddd4aafcbcf4e91fbeef4a59cd42c
  languageName: node
  linkType: hard

"cacheable-request@npm:^7.0.2":
  version: 7.0.4
  resolution: "cacheable-request@npm:7.0.4"
  dependencies:
    clone-response: "npm:^1.0.2"
    get-stream: "npm:^5.1.0"
    http-cache-semantics: "npm:^4.0.0"
    keyv: "npm:^4.0.0"
    lowercase-keys: "npm:^2.0.0"
    normalize-url: "npm:^6.0.1"
    responselike: "npm:^2.0.0"
  checksum: 10c0/0834a7d17ae71a177bc34eab06de112a43f9b5ad05ebe929bec983d890a7d9f2bc5f1aa8bb67ea2b65e07a3bc74bea35fa62dd36dbac52876afe36fdcf83da41
  languageName: node
  linkType: hard

"clone-response@npm:^1.0.2":
  version: 1.0.3
  resolution: "clone-response@npm:1.0.3"
  dependencies:
    mimic-response: "npm:^1.0.0"
  checksum: 10c0/06a2b611824efb128810708baee3bd169ec9a1bf5976a5258cd7eb3f7db25f00166c6eee5961f075c7e38e194f373d4fdf86b8166ad5b9c7e82bbd2e333a6087
  languageName: node
  linkType: hard

"combined-stream@npm:^1.0.8":
  version: 1.0.8
  resolution: "combined-stream@npm:1.0.8"
  dependencies:
    delayed-stream: "npm:~1.0.0"
  checksum: 10c0/0dbb829577e1b1e839fa82b40c07ffaf7de8a09b935cadd355a73652ae70a88b4320db322f6634a4ad93424292fa80973ac6480986247f1734a1137debf271d5
  languageName: node
  linkType: hard

"commander@npm:^12.1.0":
  version: 12.1.0
  resolution: "commander@npm:12.1.0"
  checksum: 10c0/6e1996680c083b3b897bfc1cfe1c58dfbcd9842fd43e1aaf8a795fbc237f65efcc860a3ef457b318e73f29a4f4a28f6403c3d653d021d960e4632dd45bde54a9
  languageName: node
  linkType: hard

"decompress-response@npm:^6.0.0":
  version: 6.0.0
  resolution: "decompress-response@npm:6.0.0"
  dependencies:
    mimic-response: "npm:^3.1.0"
  checksum: 10c0/bd89d23141b96d80577e70c54fb226b2f40e74a6817652b80a116d7befb8758261ad073a8895648a29cc0a5947021ab66705cb542fa9c143c82022b27c5b175e
  languageName: node
  linkType: hard

"defer-to-connect@npm:^2.0.0":
  version: 2.0.1
  resolution: "defer-to-connect@npm:2.0.1"
  checksum: 10c0/625ce28e1b5ad10cf77057b9a6a727bf84780c17660f6644dab61dd34c23de3001f03cedc401f7d30a4ed9965c2e8a7336e220a329146f2cf85d4eddea429782
  languageName: node
  linkType: hard

"delayed-stream@npm:~1.0.0":
  version: 1.0.0
  resolution: "delayed-stream@npm:1.0.0"
  checksum: 10c0/d758899da03392e6712f042bec80aa293bbe9e9ff1b2634baae6a360113e708b91326594c8a486d475c69d6259afb7efacdc3537bfcda1c6c648e390ce601b19
  languageName: node
  linkType: hard

"end-of-stream@npm:^1.1.0":
  version: 1.4.4
  resolution: "end-of-stream@npm:1.4.4"
  dependencies:
    once: "npm:^1.4.0"
  checksum: 10c0/870b423afb2d54bb8d243c63e07c170409d41e20b47eeef0727547aea5740bd6717aca45597a9f2745525667a6b804c1e7bede41f856818faee5806dd9ff3975
  languageName: node
  linkType: hard

"eth-rpc-errors@npm:^4.0.3":
  version: 4.0.3
  resolution: "eth-rpc-errors@npm:4.0.3"
  dependencies:
    fast-safe-stringify: "npm:^2.0.6"
  checksum: 10c0/332cbc5a957b62bb66ea01da2a467da65026df47e6516a286a969cad74d6002f2b481335510c93f12ca29c46ebc8354e39e2240769d86184f9b4c30832cf5466
  languageName: node
  linkType: hard

"eventemitter3@npm:^5.0.1":
  version: 5.0.1
  resolution: "eventemitter3@npm:5.0.1"
  checksum: 10c0/4ba5c00c506e6c786b4d6262cfbce90ddc14c10d4667e5c83ae993c9de88aa856033994dd2b35b83e8dc1170e224e66a319fa80adc4c32adcd2379bbc75da814
  languageName: node
  linkType: hard

"events@npm:^3.3.0":
  version: 3.3.0
  resolution: "events@npm:3.3.0"
  checksum: 10c0/d6b6f2adbccbcda74ddbab52ed07db727ef52e31a61ed26db9feb7dc62af7fc8e060defa65e5f8af9449b86b52cc1a1f6a79f2eafcf4e62add2b7a1fa4a432f6
  languageName: node
  linkType: hard

"fast-safe-stringify@npm:^2.0.6":
  version: 2.1.1
  resolution: "fast-safe-stringify@npm:2.1.1"
  checksum: 10c0/d90ec1c963394919828872f21edaa3ad6f1dddd288d2bd4e977027afff09f5db40f94e39536d4646f7e01761d704d72d51dce5af1b93717f3489ef808f5f4e4d
  languageName: node
  linkType: hard

"follow-redirects@npm:^1.14.9":
  version: 1.15.2
  resolution: "follow-redirects@npm:1.15.2"
  peerDependenciesMeta:
    debug:
      optional: true
  checksum: 10c0/da5932b70e63944d38eecaa16954bac4347036f08303c913d166eda74809d8797d38386e3a0eb1d2fe37d2aaff2764cce8e9dbd99459d860cf2cdfa237923b5f
  languageName: node
  linkType: hard

"follow-redirects@npm:^1.15.6":
  version: 1.15.9
  resolution: "follow-redirects@npm:1.15.9"
  peerDependenciesMeta:
    debug:
      optional: true
  checksum: 10c0/5829165bd112c3c0e82be6c15b1a58fa9dcfaede3b3c54697a82fe4a62dd5ae5e8222956b448d2f98e331525f05d00404aba7d696de9e761ef6e42fdc780244f
  languageName: node
  linkType: hard

"form-data@npm:4.0.0, form-data@npm:^4.0.0":
  version: 4.0.0
  resolution: "form-data@npm:4.0.0"
  dependencies:
    asynckit: "npm:^0.4.0"
    combined-stream: "npm:^1.0.8"
    mime-types: "npm:^2.1.12"
  checksum: 10c0/cb6f3ac49180be03ff07ba3ff125f9eba2ff0b277fb33c7fc47569fc5e616882c5b1c69b9904c4c4187e97dd0419dd03b134174756f296dec62041e6527e2c6e
  languageName: node
  linkType: hard

"get-stream@npm:^5.1.0":
  version: 5.2.0
  resolution: "get-stream@npm:5.2.0"
  dependencies:
    pump: "npm:^3.0.0"
  checksum: 10c0/43797ffd815fbb26685bf188c8cfebecb8af87b3925091dd7b9a9c915993293d78e3c9e1bce125928ff92f2d0796f3889b92b5ec6d58d1041b574682132e0a80
  languageName: node
  linkType: hard

"got@npm:^11.8.6":
  version: 11.8.6
  resolution: "got@npm:11.8.6"
  dependencies:
    "@sindresorhus/is": "npm:^4.0.0"
    "@szmarczak/http-timer": "npm:^4.0.5"
    "@types/cacheable-request": "npm:^6.0.1"
    "@types/responselike": "npm:^1.0.0"
    cacheable-lookup: "npm:^5.0.3"
    cacheable-request: "npm:^7.0.2"
    decompress-response: "npm:^6.0.0"
    http2-wrapper: "npm:^1.0.0-beta.5.2"
    lowercase-keys: "npm:^2.0.0"
    p-cancelable: "npm:^2.0.0"
    responselike: "npm:^2.0.0"
  checksum: 10c0/754dd44877e5cf6183f1e989ff01c648d9a4719e357457bd4c78943911168881f1cfb7b2cb15d885e2105b3ad313adb8f017a67265dd7ade771afdb261ee8cb1
  languageName: node
  linkType: hard

"http-cache-semantics@npm:^4.0.0":
  version: 4.1.1
  resolution: "http-cache-semantics@npm:4.1.1"
  checksum: 10c0/ce1319b8a382eb3cbb4a37c19f6bfe14e5bb5be3d09079e885e8c513ab2d3cd9214902f8a31c9dc4e37022633ceabfc2d697405deeaf1b8f3552bb4ed996fdfc
  languageName: node
  linkType: hard

"http2-wrapper@npm:^1.0.0-beta.5.2":
  version: 1.0.3
  resolution: "http2-wrapper@npm:1.0.3"
  dependencies:
    quick-lru: "npm:^5.1.1"
    resolve-alpn: "npm:^1.0.0"
  checksum: 10c0/6a9b72a033e9812e1476b9d776ce2f387bc94bc46c88aea0d5dab6bd47d0a539b8178830e77054dd26d1142c866d515a28a4dc7c3ff4232c88ff2ebe4f5d12d1
  languageName: node
  linkType: hard

"js-base64@npm:^3.7.7":
  version: 3.7.7
  resolution: "js-base64@npm:3.7.7"
  checksum: 10c0/3c905a7e78b601e4751b5e710edd0d6d045ce2d23eb84c9df03515371e1b291edc72808dc91e081cb9855aef6758292a2407006f4608ec3705373dd8baf2f80f
  languageName: node
  linkType: hard

"json-buffer@npm:3.0.1":
  version: 3.0.1
  resolution: "json-buffer@npm:3.0.1"
  checksum: 10c0/0d1c91569d9588e7eef2b49b59851f297f3ab93c7b35c7c221e288099322be6b562767d11e4821da500f3219542b9afd2e54c5dc573107c1126ed1080f8e96d7
  languageName: node
  linkType: hard

"jwt-decode@npm:^4.0.0":
  version: 4.0.0
  resolution: "jwt-decode@npm:4.0.0"
  checksum: 10c0/de75bbf89220746c388cf6a7b71e56080437b77d2edb29bae1c2155048b02c6b8c59a3e5e8d6ccdfd54f0b8bda25226e491a4f1b55ac5f8da04cfbadec4e546c
  languageName: node
  linkType: hard

"keyv@npm:^4.0.0":
  version: 4.5.4
  resolution: "keyv@npm:4.5.4"
  dependencies:
    json-buffer: "npm:3.0.1"
  checksum: 10c0/aa52f3c5e18e16bb6324876bb8b59dd02acf782a4b789c7b2ae21107fab95fab3890ed448d4f8dba80ce05391eeac4bfabb4f02a20221342982f806fa2cf271e
  languageName: node
  linkType: hard

"lodash-es@npm:^4.17.21":
  version: 4.17.21
  resolution: "lodash-es@npm:4.17.21"
  checksum: 10c0/fb407355f7e6cd523a9383e76e6b455321f0f153a6c9625e21a8827d10c54c2a2341bd2ae8d034358b60e07325e1330c14c224ff582d04612a46a4f0479ff2f2
  languageName: node
  linkType: hard

"lowercase-keys@npm:^2.0.0":
  version: 2.0.0
  resolution: "lowercase-keys@npm:2.0.0"
  checksum: 10c0/f82a2b3568910509da4b7906362efa40f5b54ea14c2584778ddb313226f9cbf21020a5db35f9b9a0e95847a9b781d548601f31793d736b22a2b8ae8eb9ab1082
  languageName: node
  linkType: hard

"mime-db@npm:1.52.0":
  version: 1.52.0
  resolution: "mime-db@npm:1.52.0"
  checksum: 10c0/0557a01deebf45ac5f5777fe7740b2a5c309c6d62d40ceab4e23da9f821899ce7a900b7ac8157d4548ddbb7beffe9abc621250e6d182b0397ec7f10c7b91a5aa
  languageName: node
  linkType: hard

"mime-types@npm:^2.1.12":
  version: 2.1.35
  resolution: "mime-types@npm:2.1.35"
  dependencies:
    mime-db: "npm:1.52.0"
  checksum: 10c0/82fb07ec56d8ff1fc999a84f2f217aa46cb6ed1033fefaabd5785b9a974ed225c90dc72fff460259e66b95b73648596dbcc50d51ed69cdf464af2d237d3149b2
  languageName: node
  linkType: hard

"mimic-response@npm:^1.0.0":
  version: 1.0.1
  resolution: "mimic-response@npm:1.0.1"
  checksum: 10c0/c5381a5eae997f1c3b5e90ca7f209ed58c3615caeee850e85329c598f0c000ae7bec40196580eef1781c60c709f47258131dab237cad8786f8f56750594f27fa
  languageName: node
  linkType: hard

"mimic-response@npm:^3.1.0":
  version: 3.1.0
  resolution: "mimic-response@npm:3.1.0"
  checksum: 10c0/0d6f07ce6e03e9e4445bee655202153bdb8a98d67ee8dc965ac140900d7a2688343e6b4c9a72cfc9ef2f7944dfd76eef4ab2482eb7b293a68b84916bac735362
  languageName: node
  linkType: hard

"ms@npm:^2.1.3":
  version: 2.1.3
  resolution: "ms@npm:2.1.3"
  checksum: 10c0/d924b57e7312b3b63ad21fc5b3dc0af5e78d61a1fc7cfb5457edaf26326bf62be5307cc87ffb6862ef1c2b33b0233cdb5d4f01c4c958cc0d660948b65a287a48
  languageName: node
  linkType: hard

"normalize-url@npm:^6.0.1":
  version: 6.1.0
  resolution: "normalize-url@npm:6.1.0"
  checksum: 10c0/95d948f9bdd2cfde91aa786d1816ae40f8262946e13700bf6628105994fe0ff361662c20af3961161c38a119dc977adeb41fc0b41b1745eb77edaaf9cb22db23
  languageName: node
  linkType: hard

"once@npm:^1.3.1, once@npm:^1.4.0":
  version: 1.4.0
  resolution: "once@npm:1.4.0"
  dependencies:
    wrappy: "npm:1"
  checksum: 10c0/5d48aca287dfefabd756621c5dfce5c91a549a93e9fdb7b8246bc4c4790aa2ec17b34a260530474635147aeb631a2dcc8b32c613df0675f96041cbb8244517d0
  languageName: node
  linkType: hard

"p-cancelable@npm:^2.0.0":
  version: 2.1.1
  resolution: "p-cancelable@npm:2.1.1"
  checksum: 10c0/8c6dc1f8dd4154fd8b96a10e55a3a832684c4365fb9108056d89e79fbf21a2465027c04a59d0d797b5ffe10b54a61a32043af287d5c4860f1e996cbdbc847f01
  languageName: node
  linkType: hard

"poseidon-lite@npm:^0.2.0":
  version: 0.2.1
  resolution: "poseidon-lite@npm:0.2.1"
  checksum: 10c0/b1da834c8e1e8db3d8d1e8bfcbac5b5b5abbd3aa65e0a80206f8dfa09c9e858b8bc8d5291596e03c8845505af7982c6c2574fe5b184ce256dc34de9ea325b466
  languageName: node
  linkType: hard

"proxy-from-env@npm:^1.1.0":
  version: 1.1.0
  resolution: "proxy-from-env@npm:1.1.0"
  checksum: 10c0/fe7dd8b1bdbbbea18d1459107729c3e4a2243ca870d26d34c2c1bcd3e4425b7bcc5112362df2d93cc7fb9746f6142b5e272fd1cc5c86ddf8580175186f6ad42b
  languageName: node
  linkType: hard

"pump@npm:^3.0.0":
  version: 3.0.2
  resolution: "pump@npm:3.0.2"
  dependencies:
    end-of-stream: "npm:^1.1.0"
    once: "npm:^1.3.1"
  checksum: 10c0/5ad655cb2a7738b4bcf6406b24ad0970d680649d996b55ad20d1be8e0c02394034e4c45ff7cd105d87f1e9b96a0e3d06fd28e11fae8875da26e7f7a8e2c9726f
  languageName: node
  linkType: hard

"quick-lru@npm:^5.1.1":
  version: 5.1.1
  resolution: "quick-lru@npm:5.1.1"
  checksum: 10c0/a24cba5da8cec30d70d2484be37622580f64765fb6390a928b17f60cd69e8dbd32a954b3ff9176fa1b86d86ff2ba05252fae55dc4d40d0291c60412b0ad096da
  languageName: node
  linkType: hard

"resolve-alpn@npm:^1.0.0":
  version: 1.2.1
  resolution: "resolve-alpn@npm:1.2.1"
  checksum: 10c0/b70b29c1843bc39781ef946c8cd4482e6d425976599c0f9c138cec8209e4e0736161bf39319b01676a847000085dfdaf63583c6fb4427bf751a10635bd2aa0c4
  languageName: node
  linkType: hard

"responselike@npm:^2.0.0":
  version: 2.0.1
  resolution: "responselike@npm:2.0.1"
  dependencies:
    lowercase-keys: "npm:^2.0.0"
  checksum: 10c0/360b6deb5f101a9f8a4174f7837c523c3ec78b7ca8a7c1d45a1062b303659308a23757e318b1e91ed8684ad1205721142dd664d94771cd63499353fd4ee732b5
  languageName: node
  linkType: hard

"tweetnacl@npm:1.0.3":
  version: 1.0.3
  resolution: "tweetnacl@npm:1.0.3"
  checksum: 10c0/069d9df51e8ad4a89fbe6f9806c68e06c65be3c7d42f0701cc43dba5f0d6064686b238bbff206c5addef8854e3ce00c643bff59432ea2f2c639feab0ee1a93f9
  languageName: node
  linkType: hard

"undici-types@npm:~6.20.0":
  version: 6.20.0
  resolution: "undici-types@npm:6.20.0"
  checksum: 10c0/68e659a98898d6a836a9a59e6adf14a5d799707f5ea629433e025ac90d239f75e408e2e5ff086afc3cace26f8b26ee52155293564593fbb4a2f666af57fc59bf
  languageName: node
  linkType: hard

"wrappy@npm:1":
  version: 1.0.2
  resolution: "wrappy@npm:1.0.2"
  checksum: 10c0/56fece1a4018c6a6c8e28fbc88c87e0fbf4ea8fd64fc6c63b18f4acc4bd13e0ad2515189786dd2c30d3eec9663d70f4ecf699330002f8ccb547e4a18231fc9f0
  languageName: node
  linkType: hard
