# This file is generated by running "yarn install" inside your project.
# Manual changes might be lost - proceed with caution!

__metadata:
  version: 8
  cacheKey: 10c0

"@noble/hashes@npm:^1.3.0":
  version: 1.3.0
  resolution: "@noble/hashes@npm:1.3.0"
  checksum: 10c0/06d27f9e7dfbe379dbfb02073358aa2c25a6363acc3a2b09e074f0f47f630da1d5a81c731696faa9407594371b61a27c496076fdecc2f60fb1c6a24247a5dbef
  languageName: node
  linkType: hard

"@onekeyfe/cross-inpage-provider-core@file:../../core::locator=%40onekeyfe%2Fextension-bridge-injected%40file%3A..%2F..%2Fextension%2Fextension-bridge-injected%23..%2F..%2Fextension%2Fextension-bridge-injected%3A%3Ahash%3D2fc7fa%26locator%3D%2540onekeyfe%252Fonekey-cosmos-provider%2540workspace%253A.":
  version: 2.2.16
  resolution: "@onekeyfe/cross-inpage-provider-core@file:../../core#../../core::hash=2fa81d&locator=%40onekeyfe%2Fextension-bridge-injected%40file%3A..%2F..%2Fextension%2Fextension-bridge-injected%23..%2F..%2Fextension%2Fextension-bridge-injected%3A%3Ahash%3D2fc7fa%26locator%3D%2540onekeyfe%252Fonekey-cosmos-provider%2540workspace%253A."
  dependencies:
    "@onekeyfe/cross-inpage-provider-errors": "file:../errors"
    "@onekeyfe/cross-inpage-provider-events": "file:../events"
    "@onekeyfe/cross-inpage-provider-types": "file:../types"
    events: "npm:^3.3.0"
    lodash-es: "npm:^4.17.21"
    ms: "npm:^2.1.3"
  checksum: 10c0/fa56ea84b94e7266924375bf49f885b47dd3d2b47c75702d990a754555d811816e679732ca3a6c03cf1f46b24575216b9000d4cb2a552eac6c87bbb6d9fe6528
  languageName: node
  linkType: hard

"@onekeyfe/cross-inpage-provider-core@file:../../core::locator=%40onekeyfe%2Fonekey-cosmos-provider%40workspace%3A.":
  version: 2.2.16
  resolution: "@onekeyfe/cross-inpage-provider-core@file:../../core#../../core::hash=2fa81d&locator=%40onekeyfe%2Fonekey-cosmos-provider%40workspace%3A."
  dependencies:
    "@onekeyfe/cross-inpage-provider-errors": "file:../errors"
    "@onekeyfe/cross-inpage-provider-events": "file:../events"
    "@onekeyfe/cross-inpage-provider-types": "file:../types"
    events: "npm:^3.3.0"
    lodash-es: "npm:^4.17.21"
    ms: "npm:^2.1.3"
  checksum: 10c0/fa56ea84b94e7266924375bf49f885b47dd3d2b47c75702d990a754555d811816e679732ca3a6c03cf1f46b24575216b9000d4cb2a552eac6c87bbb6d9fe6528
  languageName: node
  linkType: hard

"@onekeyfe/cross-inpage-provider-errors@file:../../errors::locator=%40onekeyfe%2Fonekey-cosmos-provider%40workspace%3A.":
  version: 2.2.16
  resolution: "@onekeyfe/cross-inpage-provider-errors@file:../../errors#../../errors::hash=12172d&locator=%40onekeyfe%2Fonekey-cosmos-provider%40workspace%3A."
  dependencies:
    fast-safe-stringify: "npm:^2.0.6"
  checksum: 10c0/60c4c61baf12a81f6a493649af1636760770c337eb9188154301f0a77afe242ea9070a24d78a05b459012dc50286d7ea835509881fcb3a8a5ed78600d4b1464e
  languageName: node
  linkType: hard

"@onekeyfe/cross-inpage-provider-errors@file:../errors::locator=%40onekeyfe%2Fcross-inpage-provider-core%40file%3A..%2F..%2Fcore%23..%2F..%2Fcore%3A%3Ahash%3D2fa81d%26locator%3D%2540onekeyfe%252Fextension-bridge-injected%2540file%253A..%252F..%252Fextension%252Fextension-bridge-injected%2523..%252F..%252Fextension%252Fextension-bridge-injected%253A%253Ahash%253D2fc7fa%2526locator%253D%252540onekeyfe%25252Fonekey-cosmos-provider%252540workspace%25253A.":
  version: 2.2.16
  resolution: "@onekeyfe/cross-inpage-provider-errors@file:../errors#../errors::hash=12172d&locator=%40onekeyfe%2Fcross-inpage-provider-core%40file%3A..%2F..%2Fcore%23..%2F..%2Fcore%3A%3Ahash%3D2fa81d%26locator%3D%2540onekeyfe%252Fextension-bridge-injected%2540file%253A..%252F..%252Fextension%252Fextension-bridge-injected%2523..%252F..%252Fextension%252Fextension-bridge-injected%253A%253Ahash%253D2fc7fa%2526locator%253D%252540onekeyfe%25252Fonekey-cosmos-provider%252540workspace%25253A."
  dependencies:
    fast-safe-stringify: "npm:^2.0.6"
  checksum: 10c0/60c4c61baf12a81f6a493649af1636760770c337eb9188154301f0a77afe242ea9070a24d78a05b459012dc50286d7ea835509881fcb3a8a5ed78600d4b1464e
  languageName: node
  linkType: hard

"@onekeyfe/cross-inpage-provider-errors@file:../errors::locator=%40onekeyfe%2Fcross-inpage-provider-core%40file%3A..%2F..%2Fcore%23..%2F..%2Fcore%3A%3Ahash%3D2fa81d%26locator%3D%2540onekeyfe%252Fonekey-cosmos-provider%2540workspace%253A.":
  version: 2.2.16
  resolution: "@onekeyfe/cross-inpage-provider-errors@file:../errors#../errors::hash=12172d&locator=%40onekeyfe%2Fcross-inpage-provider-core%40file%3A..%2F..%2Fcore%23..%2F..%2Fcore%3A%3Ahash%3D2fa81d%26locator%3D%2540onekeyfe%252Fonekey-cosmos-provider%2540workspace%253A."
  dependencies:
    fast-safe-stringify: "npm:^2.0.6"
  checksum: 10c0/60c4c61baf12a81f6a493649af1636760770c337eb9188154301f0a77afe242ea9070a24d78a05b459012dc50286d7ea835509881fcb3a8a5ed78600d4b1464e
  languageName: node
  linkType: hard

"@onekeyfe/cross-inpage-provider-events@file:../events::locator=%40onekeyfe%2Fcross-inpage-provider-core%40file%3A..%2F..%2Fcore%23..%2F..%2Fcore%3A%3Ahash%3D2fa81d%26locator%3D%2540onekeyfe%252Fextension-bridge-injected%2540file%253A..%252F..%252Fextension%252Fextension-bridge-injected%2523..%252F..%252Fextension%252Fextension-bridge-injected%253A%253Ahash%253D2fc7fa%2526locator%253D%252540onekeyfe%25252Fonekey-cosmos-provider%252540workspace%25253A.":
  version: 2.2.16
  resolution: "@onekeyfe/cross-inpage-provider-events@file:../events#../events::hash=9d5c56&locator=%40onekeyfe%2Fcross-inpage-provider-core%40file%3A..%2F..%2Fcore%23..%2F..%2Fcore%3A%3Ahash%3D2fa81d%26locator%3D%2540onekeyfe%252Fextension-bridge-injected%2540file%253A..%252F..%252Fextension%252Fextension-bridge-injected%2523..%252F..%252Fextension%252Fextension-bridge-injected%253A%253Ahash%253D2fc7fa%2526locator%253D%252540onekeyfe%25252Fonekey-cosmos-provider%252540workspace%25253A."
  checksum: 10c0/60e5e8eea7aab33bd5de0557570f91534b6745b9a98cd514d94fe5f73e119ef1d582899670209654686ba2e4f0d4c6890d165f01cb1dc3886d8e5d93c5f9cc49
  languageName: node
  linkType: hard

"@onekeyfe/cross-inpage-provider-events@file:../events::locator=%40onekeyfe%2Fcross-inpage-provider-core%40file%3A..%2F..%2Fcore%23..%2F..%2Fcore%3A%3Ahash%3D2fa81d%26locator%3D%2540onekeyfe%252Fonekey-cosmos-provider%2540workspace%253A.":
  version: 2.2.16
  resolution: "@onekeyfe/cross-inpage-provider-events@file:../events#../events::hash=9d5c56&locator=%40onekeyfe%2Fcross-inpage-provider-core%40file%3A..%2F..%2Fcore%23..%2F..%2Fcore%3A%3Ahash%3D2fa81d%26locator%3D%2540onekeyfe%252Fonekey-cosmos-provider%2540workspace%253A."
  checksum: 10c0/60e5e8eea7aab33bd5de0557570f91534b6745b9a98cd514d94fe5f73e119ef1d582899670209654686ba2e4f0d4c6890d165f01cb1dc3886d8e5d93c5f9cc49
  languageName: node
  linkType: hard

"@onekeyfe/cross-inpage-provider-types@file:../../types::locator=%40onekeyfe%2Fextension-bridge-injected%40file%3A..%2F..%2Fextension%2Fextension-bridge-injected%23..%2F..%2Fextension%2Fextension-bridge-injected%3A%3Ahash%3D2fc7fa%26locator%3D%2540onekeyfe%252Fonekey-cosmos-provider%2540workspace%253A.":
  version: 2.2.16
  resolution: "@onekeyfe/cross-inpage-provider-types@file:../../types#../../types::hash=b64b30&locator=%40onekeyfe%2Fextension-bridge-injected%40file%3A..%2F..%2Fextension%2Fextension-bridge-injected%23..%2F..%2Fextension%2Fextension-bridge-injected%3A%3Ahash%3D2fc7fa%26locator%3D%2540onekeyfe%252Fonekey-cosmos-provider%2540workspace%253A."
  checksum: 10c0/716e36d6fc16f3b864416d85bc0cdad57e0c46bd84b722c2138cf69681eb4237856021cc7847c95ead69cdf1b4fcfd87dac014b2a4a6e008a84bb7a0f4c5d51a
  languageName: node
  linkType: hard

"@onekeyfe/cross-inpage-provider-types@file:../../types::locator=%40onekeyfe%2Fonekey-cosmos-provider%40workspace%3A.":
  version: 2.2.16
  resolution: "@onekeyfe/cross-inpage-provider-types@file:../../types#../../types::hash=b64b30&locator=%40onekeyfe%2Fonekey-cosmos-provider%40workspace%3A."
  checksum: 10c0/716e36d6fc16f3b864416d85bc0cdad57e0c46bd84b722c2138cf69681eb4237856021cc7847c95ead69cdf1b4fcfd87dac014b2a4a6e008a84bb7a0f4c5d51a
  languageName: node
  linkType: hard

"@onekeyfe/cross-inpage-provider-types@file:../types::locator=%40onekeyfe%2Fcross-inpage-provider-core%40file%3A..%2F..%2Fcore%23..%2F..%2Fcore%3A%3Ahash%3D2fa81d%26locator%3D%2540onekeyfe%252Fextension-bridge-injected%2540file%253A..%252F..%252Fextension%252Fextension-bridge-injected%2523..%252F..%252Fextension%252Fextension-bridge-injected%253A%253Ahash%253D2fc7fa%2526locator%253D%252540onekeyfe%25252Fonekey-cosmos-provider%252540workspace%25253A.":
  version: 2.2.16
  resolution: "@onekeyfe/cross-inpage-provider-types@file:../types#../types::hash=b64b30&locator=%40onekeyfe%2Fcross-inpage-provider-core%40file%3A..%2F..%2Fcore%23..%2F..%2Fcore%3A%3Ahash%3D2fa81d%26locator%3D%2540onekeyfe%252Fextension-bridge-injected%2540file%253A..%252F..%252Fextension%252Fextension-bridge-injected%2523..%252F..%252Fextension%252Fextension-bridge-injected%253A%253Ahash%253D2fc7fa%2526locator%253D%252540onekeyfe%25252Fonekey-cosmos-provider%252540workspace%25253A."
  checksum: 10c0/716e36d6fc16f3b864416d85bc0cdad57e0c46bd84b722c2138cf69681eb4237856021cc7847c95ead69cdf1b4fcfd87dac014b2a4a6e008a84bb7a0f4c5d51a
  languageName: node
  linkType: hard

"@onekeyfe/cross-inpage-provider-types@file:../types::locator=%40onekeyfe%2Fcross-inpage-provider-core%40file%3A..%2F..%2Fcore%23..%2F..%2Fcore%3A%3Ahash%3D2fa81d%26locator%3D%2540onekeyfe%252Fonekey-cosmos-provider%2540workspace%253A.":
  version: 2.2.16
  resolution: "@onekeyfe/cross-inpage-provider-types@file:../types#../types::hash=b64b30&locator=%40onekeyfe%2Fcross-inpage-provider-core%40file%3A..%2F..%2Fcore%23..%2F..%2Fcore%3A%3Ahash%3D2fa81d%26locator%3D%2540onekeyfe%252Fonekey-cosmos-provider%2540workspace%253A."
  checksum: 10c0/716e36d6fc16f3b864416d85bc0cdad57e0c46bd84b722c2138cf69681eb4237856021cc7847c95ead69cdf1b4fcfd87dac014b2a4a6e008a84bb7a0f4c5d51a
  languageName: node
  linkType: hard

"@onekeyfe/extension-bridge-injected@file:../../extension/extension-bridge-injected::locator=%40onekeyfe%2Fonekey-cosmos-provider%40workspace%3A.":
  version: 2.2.16
  resolution: "@onekeyfe/extension-bridge-injected@file:../../extension/extension-bridge-injected#../../extension/extension-bridge-injected::hash=2fc7fa&locator=%40onekeyfe%2Fonekey-cosmos-provider%40workspace%3A."
  dependencies:
    "@onekeyfe/cross-inpage-provider-core": "file:../../core"
    "@onekeyfe/cross-inpage-provider-types": "file:../../types"
  checksum: 10c0/8c5df088ec32ccae1c75d452399d2abff0035eebd42682faf1f9f55d2e0d3c145b3a73694d7473146f84d43f16a58eb74524704f2482b77be46830c2824402f5
  languageName: node
  linkType: hard

"@onekeyfe/onekey-cosmos-provider@workspace:.":
  version: 0.0.0-use.local
  resolution: "@onekeyfe/onekey-cosmos-provider@workspace:."
  dependencies:
    "@noble/hashes": "npm:^1.3.0"
    "@onekeyfe/cross-inpage-provider-core": "file:../../core"
    "@onekeyfe/cross-inpage-provider-errors": "file:../../errors"
    "@onekeyfe/cross-inpage-provider-types": "file:../../types"
    "@onekeyfe/extension-bridge-injected": "file:../../extension/extension-bridge-injected"
    "@types/lodash-es": "npm:^4.17.12"
    "@types/long": "npm:^4.0.0"
    eth-rpc-errors: "npm:^4.0.3"
    lodash-es: "npm:^4.17.21"
    long: "npm:^4.0.0"
    mitt: "npm:^3.0.0"
  languageName: unknown
  linkType: soft

"@types/lodash-es@npm:^4.17.12":
  version: 4.17.12
  resolution: "@types/lodash-es@npm:4.17.12"
  dependencies:
    "@types/lodash": "npm:*"
  checksum: 10c0/5d12d2cede07f07ab067541371ed1b838a33edb3c35cb81b73284e93c6fd0c4bbeaefee984e69294bffb53f62d7272c5d679fdba8e595ff71e11d00f2601dde0
  languageName: node
  linkType: hard

"@types/lodash@npm:*":
  version: 4.17.13
  resolution: "@types/lodash@npm:4.17.13"
  checksum: 10c0/c3d0b7efe7933ac0369b99f2f7bff9240d960680fdb74b41ed4bd1b3ca60cca1e31fe4046d9abbde778f941a41bc2a75eb629abf8659fa6c27b66efbbb0802a9
  languageName: node
  linkType: hard

"@types/long@npm:^4.0.0":
  version: 4.0.2
  resolution: "@types/long@npm:4.0.2"
  checksum: 10c0/42ec66ade1f72ff9d143c5a519a65efc7c1c77be7b1ac5455c530ae9acd87baba065542f8847522af2e3ace2cc999f3ad464ef86e6b7352eece34daf88f8c924
  languageName: node
  linkType: hard

"eth-rpc-errors@npm:^4.0.3":
  version: 4.0.3
  resolution: "eth-rpc-errors@npm:4.0.3"
  dependencies:
    fast-safe-stringify: "npm:^2.0.6"
  checksum: 10c0/332cbc5a957b62bb66ea01da2a467da65026df47e6516a286a969cad74d6002f2b481335510c93f12ca29c46ebc8354e39e2240769d86184f9b4c30832cf5466
  languageName: node
  linkType: hard

"events@npm:^3.3.0":
  version: 3.3.0
  resolution: "events@npm:3.3.0"
  checksum: 10c0/d6b6f2adbccbcda74ddbab52ed07db727ef52e31a61ed26db9feb7dc62af7fc8e060defa65e5f8af9449b86b52cc1a1f6a79f2eafcf4e62add2b7a1fa4a432f6
  languageName: node
  linkType: hard

"fast-safe-stringify@npm:^2.0.6":
  version: 2.1.1
  resolution: "fast-safe-stringify@npm:2.1.1"
  checksum: 10c0/d90ec1c963394919828872f21edaa3ad6f1dddd288d2bd4e977027afff09f5db40f94e39536d4646f7e01761d704d72d51dce5af1b93717f3489ef808f5f4e4d
  languageName: node
  linkType: hard

"lodash-es@npm:^4.17.21":
  version: 4.17.21
  resolution: "lodash-es@npm:4.17.21"
  checksum: 10c0/fb407355f7e6cd523a9383e76e6b455321f0f153a6c9625e21a8827d10c54c2a2341bd2ae8d034358b60e07325e1330c14c224ff582d04612a46a4f0479ff2f2
  languageName: node
  linkType: hard

"long@npm:^4.0.0":
  version: 4.0.0
  resolution: "long@npm:4.0.0"
  checksum: 10c0/50a6417d15b06104dbe4e3d4a667c39b137f130a9108ea8752b352a4cfae047531a3ac351c181792f3f8768fe17cca6b0f406674a541a86fb638aaac560d83ed
  languageName: node
  linkType: hard

"mitt@npm:^3.0.0":
  version: 3.0.0
  resolution: "mitt@npm:3.0.0"
  checksum: 10c0/c530c7747d5de7c9976c83d7c2450d9dfddbfed45f7e8b55e5e197be68dbed80e509a8aae97807ae6945dc79f3922d49b2813f3c08fd20cf8aa6a6a47e454a36
  languageName: node
  linkType: hard

"ms@npm:^2.1.3":
  version: 2.1.3
  resolution: "ms@npm:2.1.3"
  checksum: 10c0/d924b57e7312b3b63ad21fc5b3dc0af5e78d61a1fc7cfb5457edaf26326bf62be5307cc87ffb6862ef1c2b33b0233cdb5d4f01c4c958cc0d660948b65a287a48
  languageName: node
  linkType: hard
