# This file is generated by running "yarn install" inside your project.
# Manual changes might be lost - proceed with caution!

__metadata:
  version: 8
  cacheKey: 10c0

"@onekeyfe/cross-inpage-provider-errors@workspace:.":
  version: 0.0.0-use.local
  resolution: "@onekeyfe/cross-inpage-provider-errors@workspace:."
  dependencies:
    fast-safe-stringify: "npm:^2.0.6"
  languageName: unknown
  linkType: soft

"fast-safe-stringify@npm:^2.0.6":
  version: 2.1.1
  resolution: "fast-safe-stringify@npm:2.1.1"
  checksum: 10c0/d90ec1c963394919828872f21edaa3ad6f1dddd288d2bd4e977027afff09f5db40f94e39536d4646f7e01761d704d72d51dce5af1b93717f3489ef808f5f4e4d
  languageName: node
  linkType: hard
