# This file is generated by running "yarn install" inside your project.
# Manual changes might be lost - proceed with caution!

__metadata:
  version: 8
  cacheKey: 10c0

"@onekeyfe/cross-inpage-provider-core@file:../../core::locator=%40onekeyfe%2Fnative-bridge-injected%40workspace%3A.":
  version: 2.2.16
  resolution: "@onekeyfe/cross-inpage-provider-core@file:../../core#../../core::hash=f727c1&locator=%40onekeyfe%2Fnative-bridge-injected%40workspace%3A."
  dependencies:
    "@onekeyfe/cross-inpage-provider-errors": "file:../errors"
    "@onekeyfe/cross-inpage-provider-events": "file:../events"
    "@onekeyfe/cross-inpage-provider-types": "file:../types"
    events: "npm:^3.3.0"
    lodash-es: "npm:^4.17.21"
    ms: "npm:^2.1.3"
  checksum: 10c0/26a2ef7497715254f715518b28f3a379617ffdf076f79ec2f8c804539ff722912bd49c0e7cd245c027ebb5dba66ae7238f801d914589169609a51f240504b525
  languageName: node
  linkType: hard

"@onekeyfe/cross-inpage-provider-errors@file:../errors::locator=%40onekeyfe%2Fcross-inpage-provider-core%40file%3A..%2F..%2Fcore%23..%2F..%2Fcore%3A%3Ahash%3Df727c1%26locator%3D%2540onekeyfe%252Fnative-bridge-injected%2540workspace%253A.":
  version: 2.2.16
  resolution: "@onekeyfe/cross-inpage-provider-errors@file:../errors#../errors::hash=12172d&locator=%40onekeyfe%2Fcross-inpage-provider-core%40file%3A..%2F..%2Fcore%23..%2F..%2Fcore%3A%3Ahash%3Df727c1%26locator%3D%2540onekeyfe%252Fnative-bridge-injected%2540workspace%253A."
  dependencies:
    fast-safe-stringify: "npm:^2.0.6"
  checksum: 10c0/60c4c61baf12a81f6a493649af1636760770c337eb9188154301f0a77afe242ea9070a24d78a05b459012dc50286d7ea835509881fcb3a8a5ed78600d4b1464e
  languageName: node
  linkType: hard

"@onekeyfe/cross-inpage-provider-events@file:../events::locator=%40onekeyfe%2Fcross-inpage-provider-core%40file%3A..%2F..%2Fcore%23..%2F..%2Fcore%3A%3Ahash%3Df727c1%26locator%3D%2540onekeyfe%252Fnative-bridge-injected%2540workspace%253A.":
  version: 2.2.16
  resolution: "@onekeyfe/cross-inpage-provider-events@file:../events#../events::hash=9d5c56&locator=%40onekeyfe%2Fcross-inpage-provider-core%40file%3A..%2F..%2Fcore%23..%2F..%2Fcore%3A%3Ahash%3Df727c1%26locator%3D%2540onekeyfe%252Fnative-bridge-injected%2540workspace%253A."
  checksum: 10c0/60e5e8eea7aab33bd5de0557570f91534b6745b9a98cd514d94fe5f73e119ef1d582899670209654686ba2e4f0d4c6890d165f01cb1dc3886d8e5d93c5f9cc49
  languageName: node
  linkType: hard

"@onekeyfe/cross-inpage-provider-types@file:../../types::locator=%40onekeyfe%2Fnative-bridge-injected%40workspace%3A.":
  version: 2.2.16
  resolution: "@onekeyfe/cross-inpage-provider-types@file:../../types#../../types::hash=b64b30&locator=%40onekeyfe%2Fnative-bridge-injected%40workspace%3A."
  checksum: 10c0/716e36d6fc16f3b864416d85bc0cdad57e0c46bd84b722c2138cf69681eb4237856021cc7847c95ead69cdf1b4fcfd87dac014b2a4a6e008a84bb7a0f4c5d51a
  languageName: node
  linkType: hard

"@onekeyfe/cross-inpage-provider-types@file:../types::locator=%40onekeyfe%2Fcross-inpage-provider-core%40file%3A..%2F..%2Fcore%23..%2F..%2Fcore%3A%3Ahash%3Df727c1%26locator%3D%2540onekeyfe%252Fnative-bridge-injected%2540workspace%253A.":
  version: 2.2.16
  resolution: "@onekeyfe/cross-inpage-provider-types@file:../types#../types::hash=b64b30&locator=%40onekeyfe%2Fcross-inpage-provider-core%40file%3A..%2F..%2Fcore%23..%2F..%2Fcore%3A%3Ahash%3Df727c1%26locator%3D%2540onekeyfe%252Fnative-bridge-injected%2540workspace%253A."
  checksum: 10c0/716e36d6fc16f3b864416d85bc0cdad57e0c46bd84b722c2138cf69681eb4237856021cc7847c95ead69cdf1b4fcfd87dac014b2a4a6e008a84bb7a0f4c5d51a
  languageName: node
  linkType: hard

"@onekeyfe/native-bridge-injected@workspace:.":
  version: 0.0.0-use.local
  resolution: "@onekeyfe/native-bridge-injected@workspace:."
  dependencies:
    "@onekeyfe/cross-inpage-provider-core": "file:../../core"
    "@onekeyfe/cross-inpage-provider-types": "file:../../types"
  languageName: unknown
  linkType: soft

"events@npm:^3.3.0":
  version: 3.3.0
  resolution: "events@npm:3.3.0"
  checksum: 10c0/d6b6f2adbccbcda74ddbab52ed07db727ef52e31a61ed26db9feb7dc62af7fc8e060defa65e5f8af9449b86b52cc1a1f6a79f2eafcf4e62add2b7a1fa4a432f6
  languageName: node
  linkType: hard

"fast-safe-stringify@npm:^2.0.6":
  version: 2.1.1
  resolution: "fast-safe-stringify@npm:2.1.1"
  checksum: 10c0/d90ec1c963394919828872f21edaa3ad6f1dddd288d2bd4e977027afff09f5db40f94e39536d4646f7e01761d704d72d51dce5af1b93717f3489ef808f5f4e4d
  languageName: node
  linkType: hard

"lodash-es@npm:^4.17.21":
  version: 4.17.21
  resolution: "lodash-es@npm:4.17.21"
  checksum: 10c0/fb407355f7e6cd523a9383e76e6b455321f0f153a6c9625e21a8827d10c54c2a2341bd2ae8d034358b60e07325e1330c14c224ff582d04612a46a4f0479ff2f2
  languageName: node
  linkType: hard

"ms@npm:^2.1.3":
  version: 2.1.3
  resolution: "ms@npm:2.1.3"
  checksum: 10c0/d924b57e7312b3b63ad21fc5b3dc0af5e78d61a1fc7cfb5457edaf26326bf62be5307cc87ffb6862ef1c2b33b0233cdb5d4f01c4c958cc0d660948b65a287a48
  languageName: node
  linkType: hard
